
Microsoft Visual Studio Solution File, Format Version 12.00
# Visual Studio Version 17
VisualStudioVersion = 17.2.32630.192
MinimumVisualStudioVersion = 10.0.40219.1
Project("{9A19103F-16F7-4668-BE54-9A1E7A4F7556}") = "R5T.E0071", "R5T.E0071\R5T.E0071.csproj", "{7E00916F-A73D-4ECF-A3A2-24EC3F177AE8}"
EndProject
Project("{2150E333-8FDC-42A3-9474-1A3956D46DE8}") = "_Dependencies", "_Dependencies", "{A5A14EB1-3737-4B4C-8CFA-7AA89EF84273}"
EndProject
Project("{9A19103F-16F7-4668-BE54-9A1E7A4F7556}") = "R5T.F0000", "..\..\R5T.F0000\source\R5T.F0000\R5T.F0000.csproj", "{B40F66FD-FD73-467C-A2CE-AA1C5F44830A}"
EndProject
Project("{9A19103F-16F7-4668-BE54-9A1E7A4F7556}") = "R5T.F0002", "..\..\R5T.F0002\source\R5T.F0002\R5T.F0002.csproj", "{DCBF8CE7-0944-4960-A581-B343F8DE4AEE}"
EndProject
Project("{9A19103F-16F7-4668-BE54-9A1E7A4F7556}") = "R5T.F0120", "..\..\R5T.F0120\source\R5T.F0120\R5T.F0120.csproj", "{40932BBD-021D-4426-9FBE-ED8CBD318347}"
EndProject
Project("{9A19103F-16F7-4668-BE54-9A1E7A4F7556}") = "R5T.F0124", "..\..\R5T.F0124\source\R5T.F0124\R5T.F0124.csproj", "{1C604AB9-C964-472D-B4F6-2D1F3D75FF2B}"
EndProject
Project("{9A19103F-16F7-4668-BE54-9A1E7A4F7556}") = "R5T.F0125", "..\..\R5T.F0125\source\R5T.F0125\R5T.F0125.csproj", "{E6EE7819-CBD4-4FA3-8467-E82B17D66FB0}"
EndProject
Project("{9A19103F-16F7-4668-BE54-9A1E7A4F7556}") = "R5T.L0030.T000", "..\..\R5T.L0030\source\R5T.L0030.T000\R5T.L0030.T000.csproj", "{DBDA6204-3866-4A92-82E5-5283AE11F718}"
EndProject
Project("{9A19103F-16F7-4668-BE54-9A1E7A4F7556}") = "R5T.L0030", "..\..\R5T.L0030\source\R5T.L0030\R5T.L0030.csproj", "{DCBE28C7-7753-4097-A270-52DFCC3A3DBC}"
EndProject
Project("{9A19103F-16F7-4668-BE54-9A1E7A4F7556}") = "R5T.L0034", "..\..\R5T.L0034\source\R5T.L0034\R5T.L0034.csproj", "{DDE46F51-FBCC-487E-84D6-B90F188BAA79}"
EndProject
Project("{9A19103F-16F7-4668-BE54-9A1E7A4F7556}") = "R5T.L0035", "..\..\R5T.L0035\source\R5T.L0035\R5T.L0035.csproj", "{8A00DD74-876E-4BCA-BAD2-45BEB625865A}"
EndProject
Project("{9A19103F-16F7-4668-BE54-9A1E7A4F7556}") = "R5T.NG0022", "..\..\R5T.NG0022\source\R5T.NG0022\R5T.NG0022.csproj", "{F0BDFA0D-4548-47CD-9D49-A87818A89268}"
EndProject
Project("{9A19103F-16F7-4668-BE54-9A1E7A4F7556}") = "R5T.T0131", "..\..\R5T.T0131\source\R5T.T0131\R5T.T0131.csproj", "{AE016A5E-415E-49A0-8021-E98565D105E8}"
EndProject
Project("{9A19103F-16F7-4668-BE54-9A1E7A4F7556}") = "R5T.T0132", "..\..\R5T.T0132\source\R5T.T0132\R5T.T0132.csproj", "{29D7978D-161F-4CE9-BA96-A85F4B6EAE82}"
EndProject
Project("{9A19103F-16F7-4668-BE54-9A1E7A4F7556}") = "R5T.T0142", "..\..\R5T.T0142\source\R5T.T0142\R5T.T0142.csproj", "{D6935451-B920-4C12-B1EA-09D5B1D95525}"
EndProject
Project("{9A19103F-16F7-4668-BE54-9A1E7A4F7556}") = "R5T.T0143", "..\..\R5T.T0143\source\R5T.T0143\R5T.T0143.csproj", "{ABF81488-E24C-429D-B551-9BE17D6E8498}"
EndProject
Project("{9A19103F-16F7-4668-BE54-9A1E7A4F7556}") = "R5T.T0156", "..\..\R5T.T0156\source\R5T.T0156\R5T.T0156.csproj", "{81DCDDA5-E993-49C7-B79E-0596C95F6BD3}"
EndProject
Project("{9A19103F-16F7-4668-BE54-9A1E7A4F7556}") = "R5T.T0174", "..\..\R5T.T0174\source\R5T.T0174\R5T.T0174.csproj", "{7E2AA4BC-6CB0-43FD-A255-0207D50C6D0F}"
EndProject
Project("{9A19103F-16F7-4668-BE54-9A1E7A4F7556}") = "R5T.T0176", "..\..\R5T.T0176\source\R5T.T0176\R5T.T0176.csproj", "{042AA780-28E1-43EC-A7F8-24F2F49FC27E}"
EndProject
Project("{9A19103F-16F7-4668-BE54-9A1E7A4F7556}") = "R5T.T0177", "..\..\R5T.T0177\source\R5T.T0177\R5T.T0177.csproj", "{2D0B7D1C-0971-4CF6-846D-90FF1A5651AA}"
EndProject
Project("{9A19103F-16F7-4668-BE54-9A1E7A4F7556}") = "R5T.T0178", "..\..\R5T.T0178\source\R5T.T0178\R5T.T0178.csproj", "{BB48CF3D-E12F-436F-ADD4-D7B7EAE5152C}"
EndProject
Project("{9A19103F-16F7-4668-BE54-9A1E7A4F7556}") = "R5T.T0179", "..\..\R5T.T0179\source\R5T.T0179\R5T.T0179.csproj", "{B2159E9B-0F59-4E85-91A1-F6A4730FEFA7}"
EndProject
Project("{9A19103F-16F7-4668-BE54-9A1E7A4F7556}") = "R5T.T0180", "..\..\R5T.T0180\source\R5T.T0180\R5T.T0180.csproj", "{0856E08C-4217-4609-B16D-C9ED9E757806}"
EndProject
Project("{9A19103F-16F7-4668-BE54-9A1E7A4F7556}") = "R5T.T0181", "..\..\R5T.T0181\source\R5T.T0181\R5T.T0181.csproj", "{6DE2CD96-5DD8-46E4-8ED2-6A6A32D4EC18}"
EndProject
Project("{9A19103F-16F7-4668-BE54-9A1E7A4F7556}") = "R5T.T0185", "..\..\R5T.T0185\source\R5T.T0185\R5T.T0185.csproj", "{6F5DF015-CDC1-4B1D-BD48-99757D2E6A18}"
EndProject
Project("{9A19103F-16F7-4668-BE54-9A1E7A4F7556}") = "R5T.T0203", "..\..\R5T.T0203\source\R5T.T0203\R5T.T0203.csproj", "{876115D5-BA5F-4568-9278-F35200503869}"
EndProject
Project("{9A19103F-16F7-4668-BE54-9A1E7A4F7556}") = "R5T.Y0000", "..\..\R5T.Y0000\source\R5T.Y0000\R5T.Y0000.csproj", "{67E9F14D-E182-4F86-A2B1-1B5F75374E78}"
EndProject
Project("{9A19103F-16F7-4668-BE54-9A1E7A4F7556}") = "R5T.Z0000", "..\..\R5T.Z0000\source\R5T.Z0000\R5T.Z0000.csproj", "{7F4BACCA-9E2E-49AE-8DF1-512C572CB03B}"
EndProject
Project("{9A19103F-16F7-4668-BE54-9A1E7A4F7556}") = "R5T.T0212", "..\..\R5T.T0212\source\R5T.T0212\R5T.T0212.csproj", "{C1ED11F3-4FA8-4471-BA70-2A35481056E0}"
EndProject
Project("{9A19103F-16F7-4668-BE54-9A1E7A4F7556}") = "R5T.T0212.Z000", "..\..\R5T.T0212\source\R5T.T0212.Z000\R5T.T0212.Z000.csproj", "{23AD38AE-6105-4C16-8489-E2AC8FBD9D58}"
EndProject
Project("{9A19103F-16F7-4668-BE54-9A1E7A4F7556}") = "R5T.T0211", "..\..\R5T.T0211\source\R5T.T0211\R5T.T0211.csproj", "{65F8E29A-851F-4E8F-8D30-2DA5CCB5455B}"
EndProject
Project("{9A19103F-16F7-4668-BE54-9A1E7A4F7556}") = "R5T.T0211.Z000", "..\..\R5T.T0211\source\R5T.T0211.Z000\R5T.T0211.Z000.csproj", "{7A89168D-3D8C-4949-83FD-C7533C67BCDF}"
EndProject
Project("{9A19103F-16F7-4668-BE54-9A1E7A4F7556}") = "R5T.T0141", "..\..\R5T.T0141\source\R5T.T0141\R5T.T0141.csproj", "{5217DD7A-9A75-45B5-85F3-8B5BFCE08AF3}"
EndProject
Project("{9A19103F-16F7-4668-BE54-9A1E7A4F7556}") = "R5T.T0150", "..\..\R5T.T0150\source\R5T.T0150\R5T.T0150.csproj", "{C5FAE1EF-373B-4A7B-98C8-0477F330B285}"
EndProject
Project("{9A19103F-16F7-4668-BE54-9A1E7A4F7556}") = "R5T.T0151", "..\..\R5T.T0151\source\R5T.T0151\R5T.T0151.csproj", "{FA52CB21-DDBA-486A-884D-BEBACBFAB117}"
EndProject
Project("{9A19103F-16F7-4668-BE54-9A1E7A4F7556}") = "R5T.T0172", "..\..\R5T.T0172\source\R5T.T0172\R5T.T0172.csproj", "{052C2E6D-3688-48E3-811C-D527AD6FC633}"
EndProject
Project("{9A19103F-16F7-4668-BE54-9A1E7A4F7556}") = "R5T.T0212.F000", "..\..\R5T.T0212\source\R5T.T0212.F000\R5T.T0212.F000.csproj", "{8E286E30-7BA0-4ED1-A6FF-5BDB729700E9}"
EndProject
Project("{9A19103F-16F7-4668-BE54-9A1E7A4F7556}") = "R5T.T0213", "..\..\R5T.T0213\source\R5T.T0213\R5T.T0213.csproj", "{B7A712C9-C518-4F75-AA03-5D8B41BEF48A}"
EndProject
Project("{9A19103F-16F7-4668-BE54-9A1E7A4F7556}") = "R5T.T0162", "..\..\R5T.T0162\source\R5T.T0162\R5T.T0162.csproj", "{B80D9212-A6C4-4F7D-9EAA-A3A60BC070CD}"
EndProject
Project("{9A19103F-16F7-4668-BE54-9A1E7A4F7556}") = "R5T.Z0015", "..\..\R5T.Z0015\source\R5T.Z0015\R5T.Z0015.csproj", "{197FF3CB-ED89-458C-8F70-FA33076B62C6}"
EndProject
Project("{9A19103F-16F7-4668-BE54-9A1E7A4F7556}") = "R5T.F0033", "..\..\R5T.F0033\source\R5T.F0033\R5T.F0033.csproj", "{D223AF91-E433-4287-8A29-949175553255}"
EndProject
Project("{9A19103F-16F7-4668-BE54-9A1E7A4F7556}") = "R5T.T0211.F000", "..\..\R5T.T0211\source\R5T.T0211.F000\R5T.T0211.F000.csproj", "{9EF55602-B2F6-49D8-88F4-575CD966C5EC}"
EndProject
Project("{9A19103F-16F7-4668-BE54-9A1E7A4F7556}") = "R5T.F0016.F001", "..\..\R5T.F0016\source\R5T.F0016.F001\R5T.F0016.F001.csproj", "{D58EB754-03A9-4655-9020-0F5FA7148BED}"
EndProject
Project("{9A19103F-16F7-4668-BE54-9A1E7A4F7556}") = "R5T.F0016", "..\..\R5T.F0016\source\R5T.F0016\R5T.F0016.csproj", "{0198C866-5630-4CDC-92B5-14F4BB33483B}"
EndProject
Project("{9A19103F-16F7-4668-BE54-9A1E7A4F7556}") = "R5T.F0019", "..\..\R5T.F0019\source\R5T.F0019\R5T.F0019.csproj", "{0CFD9430-4214-48AA-B839-67D31B0DD0C1}"
EndProject
Project("{9A19103F-16F7-4668-BE54-9A1E7A4F7556}") = "R5T.F0020", "..\..\R5T.F0020\source\R5T.F0020\R5T.F0020.csproj", "{B19C6B8E-A215-41FB-92A3-D9E863725DD7}"
EndProject
Project("{9A19103F-16F7-4668-BE54-9A1E7A4F7556}") = "R5T.F0032", "..\..\R5T.F0032\source\R5T.F0032\R5T.F0032.csproj", "{0F944F07-1EC7-4749-956C-B16F09B8BA5A}"
EndProject
Project("{9A19103F-16F7-4668-BE54-9A1E7A4F7556}") = "R5T.F0040.F000", "..\..\R5T.F0040\source\R5T.F0040.F000\R5T.F0040.F000.csproj", "{C83A56DF-27E1-4C70-B622-DC903FF9B54A}"
EndProject
Project("{9A19103F-16F7-4668-BE54-9A1E7A4F7556}") = "R5T.F0041", "..\..\R5T.F0041\source\R5T.F0041\R5T.F0041.csproj", "{08FD0FA3-08A0-483C-B56D-E054C6EDF27C}"
EndProject
Project("{9A19103F-16F7-4668-BE54-9A1E7A4F7556}") = "R5T.F0044", "..\..\R5T.F0044\source\R5T.F0044\R5T.F0044.csproj", "{DBE2B836-DABD-4D35-8EA7-373CB9B303EC}"
EndProject
Project("{9A19103F-16F7-4668-BE54-9A1E7A4F7556}") = "R5T.F0046", "..\..\R5T.F0046\source\R5T.F0046\R5T.F0046.csproj", "{6CF7172E-8E98-4FC9-BF77-4F4257E66D16}"
EndProject
Project("{9A19103F-16F7-4668-BE54-9A1E7A4F7556}") = "R5T.F0047", "..\..\R5T.F0047\source\R5T.F0047\R5T.F0047.csproj", "{073E3227-5206-4C16-98FC-DED22A620BF9}"
EndProject
Project("{9A19103F-16F7-4668-BE54-9A1E7A4F7556}") = "R5T.F0057", "..\..\R5T.F0057\source\R5T.F0057\R5T.F0057.csproj", "{3B18DF20-767B-42D2-AF0A-886B5262EBD4}"
EndProject
Project("{9A19103F-16F7-4668-BE54-9A1E7A4F7556}") = "R5T.F0129", "..\..\R5T.F0129\source\R5T.F0129\R5T.F0129.csproj", "{F081279B-63A5-42E4-9E4F-DD4DF6F3BEC8}"
EndProject
Project("{9A19103F-16F7-4668-BE54-9A1E7A4F7556}") = "R5T.F0130", "..\..\R5T.F0130\source\R5T.F0130\R5T.F0130.csproj", "{2B1F2566-F486-4EE3-B1A9-84EB738D377F}"
EndProject
Project("{9A19103F-16F7-4668-BE54-9A1E7A4F7556}") = "R5T.L0001.Y000", "..\..\R5T.L0001\source\R5T.L0001.Y000\R5T.L0001.Y000.csproj", "{DE4489C9-5559-46B1-B0F8-C2CD18215A44}"
EndProject
Project("{9A19103F-16F7-4668-BE54-9A1E7A4F7556}") = "R5T.L0001.Z000", "..\..\R5T.L0001\source\R5T.L0001.Z000\R5T.L0001.Z000.csproj", "{DDE72AE9-9DA5-4F69-9EF3-9C63B457ABC1}"
EndProject
Project("{9A19103F-16F7-4668-BE54-9A1E7A4F7556}") = "R5T.L0001", "..\..\R5T.L0001\source\R5T.L0001\R5T.L0001.csproj", "{888A655D-BBA9-4F05-BF1E-B08A056225DE}"
EndProject
Project("{9A19103F-16F7-4668-BE54-9A1E7A4F7556}") = "R5T.L0031.T000", "..\..\R5T.L0031\source\R5T.L0031.T000\R5T.L0031.T000.csproj", "{A4361F1C-63C8-475A-9220-C3F64FF4E64C}"
EndProject
Project("{9A19103F-16F7-4668-BE54-9A1E7A4F7556}") = "R5T.L0031", "..\..\R5T.L0031\source\R5T.L0031\R5T.L0031.csproj", "{EDD27526-F21D-4752-B57C-E16B729CF0E0}"
EndProject
Project("{9A19103F-16F7-4668-BE54-9A1E7A4F7556}") = "R5T.L0032.F000", "..\..\R5T.L0032\source\R5T.L0032.F000\R5T.L0032.F000.csproj", "{67F45F47-7903-4B3B-93E7-32DAD592A46E}"
EndProject
Project("{9A19103F-16F7-4668-BE54-9A1E7A4F7556}") = "R5T.L0032.T000", "..\..\R5T.L0032\source\R5T.L0032.T000\R5T.L0032.T000.csproj", "{AE19388D-83D1-40CF-B3A6-1AB913EB28E1}"
EndProject
Project("{9A19103F-16F7-4668-BE54-9A1E7A4F7556}") = "R5T.L0032.Z000", "..\..\R5T.L0032\source\R5T.L0032.Z000\R5T.L0032.Z000.csproj", "{AE357C33-0438-44DF-BD38-B6DD86C5168C}"
EndProject
Project("{9A19103F-16F7-4668-BE54-9A1E7A4F7556}") = "R5T.L0032", "..\..\R5T.L0032\source\R5T.L0032\R5T.L0032.csproj", "{9A7B68DA-B50E-4E21-B52E-808DFC5631A1}"
EndProject
Project("{9A19103F-16F7-4668-BE54-9A1E7A4F7556}") = "R5T.L0033.Z001", "..\..\R5T.L0033\source\R5T.L0033.Z001\R5T.L0033.Z001.csproj", "{36E3A98D-50C5-4837-9CF3-4DBBB05E0BF0}"
EndProject
Project("{9A19103F-16F7-4668-BE54-9A1E7A4F7556}") = "R5T.L0036.T000", "..\..\R5T.L0036\source\R5T.L0036.T000\R5T.L0036.T000.csproj", "{69966747-722E-46DD-9CD9-9DDCB3430566}"
EndProject
Project("{9A19103F-16F7-4668-BE54-9A1E7A4F7556}") = "R5T.L0036", "..\..\R5T.L0036\source\R5T.L0036\R5T.L0036.csproj", "{EE9942B3-D6A6-4C81-BA5A-F1D7D3893881}"
EndProject
Project("{9A19103F-16F7-4668-BE54-9A1E7A4F7556}") = "R5T.NG0005", "..\..\R5T.NG0005\source\R5T.NG0005\R5T.NG0005.csproj", "{E1645D33-42E1-4C54-97D4-EE667EBAC2E6}"
EndProject
Project("{9A19103F-16F7-4668-BE54-9A1E7A4F7556}") = "R5T.NG0006", "..\..\R5T.NG0006\source\R5T.NG0006\R5T.NG0006.csproj", "{DFC62D2A-CBA8-4BD3-9010-3785CE0BF801}"
EndProject
Project("{9A19103F-16F7-4668-BE54-9A1E7A4F7556}") = "R5T.NG0008", "..\..\R5T.NG0008\source\R5T.NG0008\R5T.NG0008.csproj", "{5FD8DCE0-A9BE-490A-A56E-D590D0526E3B}"
EndProject
Project("{9A19103F-16F7-4668-BE54-9A1E7A4F7556}") = "R5T.O0006", "..\..\R5T.O0006\source\R5T.O0006\R5T.O0006.csproj", "{E929A484-F351-4268-9539-0100D4E7B89B}"
EndProject
Project("{9A19103F-16F7-4668-BE54-9A1E7A4F7556}") = "R5T.O0017", "..\..\R5T.O0017\source\R5T.O0017\R5T.O0017.csproj", "{5C2407B3-DF64-4897-8F15-876125BDAFFD}"
EndProject
Project("{9A19103F-16F7-4668-BE54-9A1E7A4F7556}") = "R5T.O0023", "..\..\R5T.O0023\source\R5T.O0023\R5T.O0023.csproj", "{24FE7D6C-ECBB-4BD0-9C35-BE51DC1306A2}"
EndProject
Project("{9A19103F-16F7-4668-BE54-9A1E7A4F7556}") = "R5T.O0025.O000", "..\..\R5T.O0025\source\R5T.O0025.O000\R5T.O0025.O000.csproj", "{72FEAC4E-6558-47AE-B012-884C129B7D2A}"
EndProject
Project("{9A19103F-16F7-4668-BE54-9A1E7A4F7556}") = "R5T.O0025.O001", "..\..\R5T.O0025\source\R5T.O0025.O001\R5T.O0025.O001.csproj", "{140CFF9A-48FF-44F9-BEC4-8C8847BE1D81}"
EndProject
Project("{9A19103F-16F7-4668-BE54-9A1E7A4F7556}") = "R5T.O0025.O002", "..\..\R5T.O0025\source\R5T.O0025.O002\R5T.O0025.O002.csproj", "{CA0B2888-A71B-453B-8BE7-2E9C7D177D05}"
EndProject
Project("{9A19103F-16F7-4668-BE54-9A1E7A4F7556}") = "R5T.O0025.O003", "..\..\R5T.O0025\source\R5T.O0025.O003\R5T.O0025.O003.csproj", "{5215E6F8-ACA8-4CD4-A8A4-6A5FD3BF5A64}"
EndProject
Project("{9A19103F-16F7-4668-BE54-9A1E7A4F7556}") = "R5T.O0025", "..\..\R5T.O0025\source\R5T.O0025\R5T.O0025.csproj", "{7F9736E6-B630-4586-9B37-9B0D6EF79733}"
EndProject
Project("{9A19103F-16F7-4668-BE54-9A1E7A4F7556}") = "R5T.O0026.O001", "..\..\R5T.O0026\source\R5T.O0026.O001\R5T.O0026.O001.csproj", "{63C319FD-5317-47D4-970D-16488D743584}"
EndProject
Project("{9A19103F-16F7-4668-BE54-9A1E7A4F7556}") = "R5T.O0026.O002", "..\..\R5T.O0026\source\R5T.O0026.O002\R5T.O0026.O002.csproj", "{6D59346E-D5EE-4E58-B247-07E2E194AE09}"
EndProject
Project("{9A19103F-16F7-4668-BE54-9A1E7A4F7556}") = "R5T.O0026", "..\..\R5T.O0026\source\R5T.O0026\R5T.O0026.csproj", "{20E77949-9A87-4578-8215-FA907D91AE35}"
EndProject
Project("{9A19103F-16F7-4668-BE54-9A1E7A4F7556}") = "R5T.T0046", "..\..\R5T.T0046\source\R5T.T0046\R5T.T0046.csproj", "{7079C9E0-95C3-4C67-A820-105BA4BF4CD1}"
EndProject
Project("{9A19103F-16F7-4668-BE54-9A1E7A4F7556}") = "R5T.T0137", "..\..\R5T.T0137\source\R5T.T0137\R5T.T0137.csproj", "{A0927CB3-32E9-4CB1-A45E-073B1C56C726}"
EndProject
Project("{9A19103F-16F7-4668-BE54-9A1E7A4F7556}") = "R5T.T0144", "..\..\R5T.T0144\source\R5T.T0144\R5T.T0144.csproj", "{5F52F2F4-FB2D-4BCD-925F-6C5615C606AE}"
EndProject
Project("{9A19103F-16F7-4668-BE54-9A1E7A4F7556}") = "R5T.T0152", "..\..\R5T.T0152\source\R5T.T0152\R5T.T0152.csproj", "{DBC8D0F3-D140-48F3-A57A-11243402F5EB}"
EndProject
Project("{9A19103F-16F7-4668-BE54-9A1E7A4F7556}") = "R5T.T0158", "..\..\R5T.T0158\source\R5T.T0158\R5T.T0158.csproj", "{DF58322A-A768-4EFA-9C4D-79CAB8042DDE}"
EndProject
Project("{9A19103F-16F7-4668-BE54-9A1E7A4F7556}") = "R5T.T0159", "..\..\R5T.T0159\source\R5T.T0159\R5T.T0159.csproj", "{229BB6BD-D97F-4C61-86BA-C7CE64E78563}"
EndProject
Project("{9A19103F-16F7-4668-BE54-9A1E7A4F7556}") = "R5T.T0184", "..\..\R5T.T0184\source\R5T.T0184\R5T.T0184.csproj", "{86C3311D-FBC5-4B6D-962F-13ECEDD6C9CF}"
EndProject
Project("{9A19103F-16F7-4668-BE54-9A1E7A4F7556}") = "R5T.T0186", "..\..\R5T.T0186\source\R5T.T0186\R5T.T0186.csproj", "{4F619087-2A58-410B-BC3D-963C5A6987FA}"
EndProject
Project("{9A19103F-16F7-4668-BE54-9A1E7A4F7556}") = "R5T.T0187", "..\..\R5T.T0187\source\R5T.T0187\R5T.T0187.csproj", "{B7DAA157-DCB8-45CF-96A4-EB40F6800F0B}"
EndProject
Project("{9A19103F-16F7-4668-BE54-9A1E7A4F7556}") = "R5T.T0198", "..\..\R5T.T0198\source\R5T.T0198\R5T.T0198.csproj", "{94F21460-009B-483B-8DF5-F1B9D6E771B4}"
EndProject
Project("{9A19103F-16F7-4668-BE54-9A1E7A4F7556}") = "R5T.T0200", "..\..\R5T.T0200\source\R5T.T0200\R5T.T0200.csproj", "{7984DC0A-4962-4D16-8EF6-D5C5AF1EBECF}"
EndProject
Project("{9A19103F-16F7-4668-BE54-9A1E7A4F7556}") = "R5T.T0202", "..\..\R5T.T0202\source\R5T.T0202\R5T.T0202.csproj", "{D828A572-CDD3-4237-9B29-5A656192E859}"
EndProject
Project("{9A19103F-16F7-4668-BE54-9A1E7A4F7556}") = "R5T.T0205", "..\..\R5T.T0205\source\R5T.T0205\R5T.T0205.csproj", "{18F5EC83-AA08-4611-8302-EB751C283FF5}"
EndProject
Project("{9A19103F-16F7-4668-BE54-9A1E7A4F7556}") = "R5T.T0206", "..\..\R5T.T0206\source\R5T.T0206\R5T.T0206.csproj", "{70561547-8EBF-4570-904C-B1503BCB11D2}"
EndProject
Project("{9A19103F-16F7-4668-BE54-9A1E7A4F7556}") = "R5T.T0208", "..\..\R5T.T0208\source\R5T.T0208\R5T.T0208.csproj", "{5474CCA7-61C8-4B94-8B95-0817301F3BF5}"
EndProject
Project("{9A19103F-16F7-4668-BE54-9A1E7A4F7556}") = "R5T.T0209", "..\..\R5T.T0209\source\R5T.T0209\R5T.T0209.csproj", "{FCB2F5B6-BD8D-4B43-8FAA-C7DE767C3467}"
EndProject
Project("{9A19103F-16F7-4668-BE54-9A1E7A4F7556}") = "R5T.T0210", "..\..\R5T.T0210\source\R5T.T0210\R5T.T0210.csproj", "{3853D7F2-6FBA-46DC-9292-A6700BBA0405}"
EndProject
Project("{9A19103F-16F7-4668-BE54-9A1E7A4F7556}") = "R5T.Y0004", "..\..\R5T.Y0004\source\R5T.Y0004\R5T.Y0004.csproj", "{AE046194-1387-42E4-A8A8-B4A09F237186}"
EndProject
Project("{9A19103F-16F7-4668-BE54-9A1E7A4F7556}") = "R5T.Z0005", "..\..\R5T.Z0005\source\R5T.Z0005\R5T.Z0005.csproj", "{50A361B1-7C3B-4CAC-AB77-BE1871383C53}"
EndProject
Project("{9A19103F-16F7-4668-BE54-9A1E7A4F7556}") = "R5T.Z0013", "..\..\R5T.Z0013\source\R5T.Z0013\R5T.Z0013.csproj", "{77F56BB7-61F0-4181-9B28-34C77C953C76}"
EndProject
Project("{9A19103F-16F7-4668-BE54-9A1E7A4F7556}") = "R5T.Z0044.Z001", "..\..\R5T.Z0044\source\R5T.Z0044.Z001\R5T.Z0044.Z001.csproj", "{3A600C92-9811-4A0D-9938-A977FC27741C}"
EndProject
Project("{9A19103F-16F7-4668-BE54-9A1E7A4F7556}") = "R5T.Z0048", "..\..\R5T.Z0048\source\R5T.Z0048\R5T.Z0048.csproj", "{9A5EA1FB-1D65-40B4-917C-05BC6A86E546}"
EndProject
Project("{9A19103F-16F7-4668-BE54-9A1E7A4F7556}") = "R5T.F0040", "..\..\R5T.F0040\source\R5T.F0040\R5T.F0040.csproj", "{D23260E2-D605-4BD9-9E18-7987183C6E81}"
EndProject
Project("{9A19103F-16F7-4668-BE54-9A1E7A4F7556}") = "R5T.Z0012", "..\..\R5T.Z0012\source\R5T.Z0012\R5T.Z0012.csproj", "{F86FAF2A-4CDB-4969-9AA8-E33F59F8232B}"
EndProject
Project("{9A19103F-16F7-4668-BE54-9A1E7A4F7556}") = "R5T.Z0054", "..\..\R5T.Z0054\source\R5T.Z0054\R5T.Z0054.csproj", "{05EE1879-7224-456D-89C7-F6534738D66B}"
EndProject
Project("{9A19103F-16F7-4668-BE54-9A1E7A4F7556}") = "R5T.Z0055", "..\..\R5T.Z0055\source\R5T.Z0055\R5T.Z0055.csproj", "{E6405E38-3336-4653-A229-3F10F96B21DA}"
EndProject
Project("{9A19103F-16F7-4668-BE54-9A1E7A4F7556}") = "R5T.Z0056", "..\..\R5T.Z0056\source\R5T.Z0056\R5T.Z0056.csproj", "{A948B397-06F7-4DA0-A241-727E2C977592}"
EndProject
Global
	GlobalSection(NestedProjects) = preSolution
		{B40F66FD-FD73-467C-A2CE-AA1C5F44830A} = {A5A14EB1-3737-4B4C-8CFA-7AA89EF84273}
		{DCBF8CE7-0944-4960-A581-B343F8DE4AEE} = {A5A14EB1-3737-4B4C-8CFA-7AA89EF84273}
		{40932BBD-021D-4426-9FBE-ED8CBD318347} = {A5A14EB1-3737-4B4C-8CFA-7AA89EF84273}
		{1C604AB9-C964-472D-B4F6-2D1F3D75FF2B} = {A5A14EB1-3737-4B4C-8CFA-7AA89EF84273}
		{E6EE7819-CBD4-4FA3-8467-E82B17D66FB0} = {A5A14EB1-3737-4B4C-8CFA-7AA89EF84273}
		{DBDA6204-3866-4A92-82E5-5283AE11F718} = {A5A14EB1-3737-4B4C-8CFA-7AA89EF84273}
		{DCBE28C7-7753-4097-A270-52DFCC3A3DBC} = {A5A14EB1-3737-4B4C-8CFA-7AA89EF84273}
		{DDE46F51-FBCC-487E-84D6-B90F188BAA79} = {A5A14EB1-3737-4B4C-8CFA-7AA89EF84273}
		{8A00DD74-876E-4BCA-BAD2-45BEB625865A} = {A5A14EB1-3737-4B4C-8CFA-7AA89EF84273}
		{F0BDFA0D-4548-47CD-9D49-A87818A89268} = {A5A14EB1-3737-4B4C-8CFA-7AA89EF84273}
		{AE016A5E-415E-49A0-8021-E98565D105E8} = {A5A14EB1-3737-4B4C-8CFA-7AA89EF84273}
		{29D7978D-161F-4CE9-BA96-A85F4B6EAE82} = {A5A14EB1-3737-4B4C-8CFA-7AA89EF84273}
		{D6935451-B920-4C12-B1EA-09D5B1D95525} = {A5A14EB1-3737-4B4C-8CFA-7AA89EF84273}
		{ABF81488-E24C-429D-B551-9BE17D6E8498} = {A5A14EB1-3737-4B4C-8CFA-7AA89EF84273}
		{81DCDDA5-E993-49C7-B79E-0596C95F6BD3} = {A5A14EB1-3737-4B4C-8CFA-7AA89EF84273}
		{7E2AA4BC-6CB0-43FD-A255-0207D50C6D0F} = {A5A14EB1-3737-4B4C-8CFA-7AA89EF84273}
		{042AA780-28E1-43EC-A7F8-24F2F49FC27E} = {A5A14EB1-3737-4B4C-8CFA-7AA89EF84273}
		{2D0B7D1C-0971-4CF6-846D-90FF1A5651AA} = {A5A14EB1-3737-4B4C-8CFA-7AA89EF84273}
		{BB48CF3D-E12F-436F-ADD4-D7B7EAE5152C} = {A5A14EB1-3737-4B4C-8CFA-7AA89EF84273}
		{B2159E9B-0F59-4E85-91A1-F6A4730FEFA7} = {A5A14EB1-3737-4B4C-8CFA-7AA89EF84273}
		{0856E08C-4217-4609-B16D-C9ED9E757806} = {A5A14EB1-3737-4B4C-8CFA-7AA89EF84273}
		{6DE2CD96-5DD8-46E4-8ED2-6A6A32D4EC18} = {A5A14EB1-3737-4B4C-8CFA-7AA89EF84273}
		{6F5DF015-CDC1-4B1D-BD48-99757D2E6A18} = {A5A14EB1-3737-4B4C-8CFA-7AA89EF84273}
		{876115D5-BA5F-4568-9278-F35200503869} = {A5A14EB1-3737-4B4C-8CFA-7AA89EF84273}
		{67E9F14D-E182-4F86-A2B1-1B5F75374E78} = {A5A14EB1-3737-4B4C-8CFA-7AA89EF84273}
		{7F4BACCA-9E2E-49AE-8DF1-512C572CB03B} = {A5A14EB1-3737-4B4C-8CFA-7AA89EF84273}
		{C1ED11F3-4FA8-4471-BA70-2A35481056E0} = {A5A14EB1-3737-4B4C-8CFA-7AA89EF84273}
		{23AD38AE-6105-4C16-8489-E2AC8FBD9D58} = {A5A14EB1-3737-4B4C-8CFA-7AA89EF84273}
		{65F8E29A-851F-4E8F-8D30-2DA5CCB5455B} = {A5A14EB1-3737-4B4C-8CFA-7AA89EF84273}
		{7A89168D-3D8C-4949-83FD-C7533C67BCDF} = {A5A14EB1-3737-4B4C-8CFA-7AA89EF84273}
		{5217DD7A-9A75-45B5-85F3-8B5BFCE08AF3} = {A5A14EB1-3737-4B4C-8CFA-7AA89EF84273}
		{C5FAE1EF-373B-4A7B-98C8-0477F330B285} = {A5A14EB1-3737-4B4C-8CFA-7AA89EF84273}
		{FA52CB21-DDBA-486A-884D-BEBACBFAB117} = {A5A14EB1-3737-4B4C-8CFA-7AA89EF84273}
		{052C2E6D-3688-48E3-811C-D527AD6FC633} = {A5A14EB1-3737-4B4C-8CFA-7AA89EF84273}
		{8E286E30-7BA0-4ED1-A6FF-5BDB729700E9} = {A5A14EB1-3737-4B4C-8CFA-7AA89EF84273}
		{B7A712C9-C518-4F75-AA03-5D8B41BEF48A} = {A5A14EB1-3737-4B4C-8CFA-7AA89EF84273}
		{B80D9212-A6C4-4F7D-9EAA-A3A60BC070CD} = {A5A14EB1-3737-4B4C-8CFA-7AA89EF84273}
		{197FF3CB-ED89-458C-8F70-FA33076B62C6} = {A5A14EB1-3737-4B4C-8CFA-7AA89EF84273}
		{D223AF91-E433-4287-8A29-949175553255} = {A5A14EB1-3737-4B4C-8CFA-7AA89EF84273}
		{9EF55602-B2F6-49D8-88F4-575CD966C5EC} = {A5A14EB1-3737-4B4C-8CFA-7AA89EF84273}
		{D58EB754-03A9-4655-9020-0F5FA7148BED} = {A5A14EB1-3737-4B4C-8CFA-7AA89EF84273}
		{0198C866-5630-4CDC-92B5-14F4BB33483B} = {A5A14EB1-3737-4B4C-8CFA-7AA89EF84273}
		{0CFD9430-4214-48AA-B839-67D31B0DD0C1} = {A5A14EB1-3737-4B4C-8CFA-7AA89EF84273}
		{B19C6B8E-A215-41FB-92A3-D9E863725DD7} = {A5A14EB1-3737-4B4C-8CFA-7AA89EF84273}
		{0F944F07-1EC7-4749-956C-B16F09B8BA5A} = {A5A14EB1-3737-4B4C-8CFA-7AA89EF84273}
		{C83A56DF-27E1-4C70-B622-DC903FF9B54A} = {A5A14EB1-3737-4B4C-8CFA-7AA89EF84273}
		{08FD0FA3-08A0-483C-B56D-E054C6EDF27C} = {A5A14EB1-3737-4B4C-8CFA-7AA89EF84273}
		{DBE2B836-DABD-4D35-8EA7-373CB9B303EC} = {A5A14EB1-3737-4B4C-8CFA-7AA89EF84273}
		{6CF7172E-8E98-4FC9-BF77-4F4257E66D16} = {A5A14EB1-3737-4B4C-8CFA-7AA89EF84273}
		{073E3227-5206-4C16-98FC-DED22A620BF9} = {A5A14EB1-3737-4B4C-8CFA-7AA89EF84273}
		{3B18DF20-767B-42D2-AF0A-886B5262EBD4} = {A5A14EB1-3737-4B4C-8CFA-7AA89EF84273}
		{F081279B-63A5-42E4-9E4F-DD4DF6F3BEC8} = {A5A14EB1-3737-4B4C-8CFA-7AA89EF84273}
		{2B1F2566-F486-4EE3-B1A9-84EB738D377F} = {A5A14EB1-3737-4B4C-8CFA-7AA89EF84273}
		{DE4489C9-5559-46B1-B0F8-C2CD18215A44} = {A5A14EB1-3737-4B4C-8CFA-7AA89EF84273}
		{DDE72AE9-9DA5-4F69-9EF3-9C63B457ABC1} = {A5A14EB1-3737-4B4C-8CFA-7AA89EF84273}
		{888A655D-BBA9-4F05-BF1E-B08A056225DE} = {A5A14EB1-3737-4B4C-8CFA-7AA89EF84273}
		{A4361F1C-63C8-475A-9220-C3F64FF4E64C} = {A5A14EB1-3737-4B4C-8CFA-7AA89EF84273}
		{EDD27526-F21D-4752-B57C-E16B729CF0E0} = {A5A14EB1-3737-4B4C-8CFA-7AA89EF84273}
		{67F45F47-7903-4B3B-93E7-32DAD592A46E} = {A5A14EB1-3737-4B4C-8CFA-7AA89EF84273}
		{AE19388D-83D1-40CF-B3A6-1AB913EB28E1} = {A5A14EB1-3737-4B4C-8CFA-7AA89EF84273}
		{AE357C33-0438-44DF-BD38-B6DD86C5168C} = {A5A14EB1-3737-4B4C-8CFA-7AA89EF84273}
		{9A7B68DA-B50E-4E21-B52E-808DFC5631A1} = {A5A14EB1-3737-4B4C-8CFA-7AA89EF84273}
		{36E3A98D-50C5-4837-9CF3-4DBBB05E0BF0} = {A5A14EB1-3737-4B4C-8CFA-7AA89EF84273}
		{69966747-722E-46DD-9CD9-9DDCB3430566} = {A5A14EB1-3737-4B4C-8CFA-7AA89EF84273}
		{EE9942B3-D6A6-4C81-BA5A-F1D7D3893881} = {A5A14EB1-3737-4B4C-8CFA-7AA89EF84273}
		{E1645D33-42E1-4C54-97D4-EE667EBAC2E6} = {A5A14EB1-3737-4B4C-8CFA-7AA89EF84273}
		{DFC62D2A-CBA8-4BD3-9010-3785CE0BF801} = {A5A14EB1-3737-4B4C-8CFA-7AA89EF84273}
		{5FD8DCE0-A9BE-490A-A56E-D590D0526E3B} = {A5A14EB1-3737-4B4C-8CFA-7AA89EF84273}
		{E929A484-F351-4268-9539-0100D4E7B89B} = {A5A14EB1-3737-4B4C-8CFA-7AA89EF84273}
		{5C2407B3-DF64-4897-8F15-876125BDAFFD} = {A5A14EB1-3737-4B4C-8CFA-7AA89EF84273}
		{24FE7D6C-ECBB-4BD0-9C35-BE51DC1306A2} = {A5A14EB1-3737-4B4C-8CFA-7AA89EF84273}
		{72FEAC4E-6558-47AE-B012-884C129B7D2A} = {A5A14EB1-3737-4B4C-8CFA-7AA89EF84273}
		{140CFF9A-48FF-44F9-BEC4-8C8847BE1D81} = {A5A14EB1-3737-4B4C-8CFA-7AA89EF84273}
		{CA0B2888-A71B-453B-8BE7-2E9C7D177D05} = {A5A14EB1-3737-4B4C-8CFA-7AA89EF84273}
		{5215E6F8-ACA8-4CD4-A8A4-6A5FD3BF5A64} = {A5A14EB1-3737-4B4C-8CFA-7AA89EF84273}
		{7F9736E6-B630-4586-9B37-9B0D6EF79733} = {A5A14EB1-3737-4B4C-8CFA-7AA89EF84273}
		{63C319FD-5317-47D4-970D-16488D743584} = {A5A14EB1-3737-4B4C-8CFA-7AA89EF84273}
		{6D59346E-D5EE-4E58-B247-07E2E194AE09} = {A5A14EB1-3737-4B4C-8CFA-7AA89EF84273}
		{20E77949-9A87-4578-8215-FA907D91AE35} = {A5A14EB1-3737-4B4C-8CFA-7AA89EF84273}
		{7079C9E0-95C3-4C67-A820-105BA4BF4CD1} = {A5A14EB1-3737-4B4C-8CFA-7AA89EF84273}
		{A0927CB3-32E9-4CB1-A45E-073B1C56C726} = {A5A14EB1-3737-4B4C-8CFA-7AA89EF84273}
		{5F52F2F4-FB2D-4BCD-925F-6C5615C606AE} = {A5A14EB1-3737-4B4C-8CFA-7AA89EF84273}
		{DBC8D0F3-D140-48F3-A57A-11243402F5EB} = {A5A14EB1-3737-4B4C-8CFA-7AA89EF84273}
		{DF58322A-A768-4EFA-9C4D-79CAB8042DDE} = {A5A14EB1-3737-4B4C-8CFA-7AA89EF84273}
		{229BB6BD-D97F-4C61-86BA-C7CE64E78563} = {A5A14EB1-3737-4B4C-8CFA-7AA89EF84273}
		{86C3311D-FBC5-4B6D-962F-13ECEDD6C9CF} = {A5A14EB1-3737-4B4C-8CFA-7AA89EF84273}
		{4F619087-2A58-410B-BC3D-963C5A6987FA} = {A5A14EB1-3737-4B4C-8CFA-7AA89EF84273}
		{B7DAA157-DCB8-45CF-96A4-EB40F6800F0B} = {A5A14EB1-3737-4B4C-8CFA-7AA89EF84273}
		{94F21460-009B-483B-8DF5-F1B9D6E771B4} = {A5A14EB1-3737-4B4C-8CFA-7AA89EF84273}
		{7984DC0A-4962-4D16-8EF6-D5C5AF1EBECF} = {A5A14EB1-3737-4B4C-8CFA-7AA89EF84273}
		{D828A572-CDD3-4237-9B29-5A656192E859} = {A5A14EB1-3737-4B4C-8CFA-7AA89EF84273}
		{18F5EC83-AA08-4611-8302-EB751C283FF5} = {A5A14EB1-3737-4B4C-8CFA-7AA89EF84273}
		{70561547-8EBF-4570-904C-B1503BCB11D2} = {A5A14EB1-3737-4B4C-8CFA-7AA89EF84273}
		{5474CCA7-61C8-4B94-8B95-0817301F3BF5} = {A5A14EB1-3737-4B4C-8CFA-7AA89EF84273}
		{FCB2F5B6-BD8D-4B43-8FAA-C7DE767C3467} = {A5A14EB1-3737-4B4C-8CFA-7AA89EF84273}
		{3853D7F2-6FBA-46DC-9292-A6700BBA0405} = {A5A14EB1-3737-4B4C-8CFA-7AA89EF84273}
		{AE046194-1387-42E4-A8A8-B4A09F237186} = {A5A14EB1-3737-4B4C-8CFA-7AA89EF84273}
		{50A361B1-7C3B-4CAC-AB77-BE1871383C53} = {A5A14EB1-3737-4B4C-8CFA-7AA89EF84273}
		{77F56BB7-61F0-4181-9B28-34C77C953C76} = {A5A14EB1-3737-4B4C-8CFA-7AA89EF84273}
		{3A600C92-9811-4A0D-9938-A977FC27741C} = {A5A14EB1-3737-4B4C-8CFA-7AA89EF84273}
		{9A5EA1FB-1D65-40B4-917C-05BC6A86E546} = {A5A14EB1-3737-4B4C-8CFA-7AA89EF84273}
		{D23260E2-D605-4BD9-9E18-7987183C6E81} = {A5A14EB1-3737-4B4C-8CFA-7AA89EF84273}
		{F86FAF2A-4CDB-4969-9AA8-E33F59F8232B} = {A5A14EB1-3737-4B4C-8CFA-7AA89EF84273}
		{05EE1879-7224-456D-89C7-F6534738D66B} = {A5A14EB1-3737-4B4C-8CFA-7AA89EF84273}
		{E6405E38-3336-4653-A229-3F10F96B21DA} = {A5A14EB1-3737-4B4C-8CFA-7AA89EF84273}
		{A948B397-06F7-4DA0-A241-727E2C977592} = {A5A14EB1-3737-4B4C-8CFA-7AA89EF84273}
	EndGlobalSection
	GlobalSection(SolutionConfigurationPlatforms) = preSolution
		Debug|Any CPU = Debug|Any CPU
		Release|Any CPU = Release|Any CPU
	EndGlobalSection
	GlobalSection(ProjectConfigurationPlatforms) = postSolution
		{7E00916F-A73D-4ECF-A3A2-24EC3F177AE8}.Debug|Any CPU.ActiveCfg = Debug|Any CPU
		{7E00916F-A73D-4ECF-A3A2-24EC3F177AE8}.Debug|Any CPU.Build.0 = Debug|Any CPU
		{7E00916F-A73D-4ECF-A3A2-24EC3F177AE8}.Release|Any CPU.ActiveCfg = Release|Any CPU
		{7E00916F-A73D-4ECF-A3A2-24EC3F177AE8}.Release|Any CPU.Build.0 = Release|Any CPU
		{B40F66FD-FD73-467C-A2CE-AA1C5F44830A}.Debug|Any CPU.ActiveCfg = Debug|Any CPU
		{B40F66FD-FD73-467C-A2CE-AA1C5F44830A}.Debug|Any CPU.Build.0 = Debug|Any CPU
		{B40F66FD-FD73-467C-A2CE-AA1C5F44830A}.Release|Any CPU.ActiveCfg = Release|Any CPU
		{B40F66FD-FD73-467C-A2CE-AA1C5F44830A}.Release|Any CPU.Build.0 = Release|Any CPU
		{DCBF8CE7-0944-4960-A581-B343F8DE4AEE}.Debug|Any CPU.ActiveCfg = Debug|Any CPU
		{DCBF8CE7-0944-4960-A581-B343F8DE4AEE}.Debug|Any CPU.Build.0 = Debug|Any CPU
		{DCBF8CE7-0944-4960-A581-B343F8DE4AEE}.Release|Any CPU.ActiveCfg = Release|Any CPU
		{DCBF8CE7-0944-4960-A581-B343F8DE4AEE}.Release|Any CPU.Build.0 = Release|Any CPU
		{40932BBD-021D-4426-9FBE-ED8CBD318347}.Debug|Any CPU.ActiveCfg = Debug|Any CPU
		{40932BBD-021D-4426-9FBE-ED8CBD318347}.Debug|Any CPU.Build.0 = Debug|Any CPU
		{40932BBD-021D-4426-9FBE-ED8CBD318347}.Release|Any CPU.ActiveCfg = Release|Any CPU
		{40932BBD-021D-4426-9FBE-ED8CBD318347}.Release|Any CPU.Build.0 = Release|Any CPU
		{1C604AB9-C964-472D-B4F6-2D1F3D75FF2B}.Debug|Any CPU.ActiveCfg = Debug|Any CPU
		{1C604AB9-C964-472D-B4F6-2D1F3D75FF2B}.Debug|Any CPU.Build.0 = Debug|Any CPU
		{1C604AB9-C964-472D-B4F6-2D1F3D75FF2B}.Release|Any CPU.ActiveCfg = Release|Any CPU
		{1C604AB9-C964-472D-B4F6-2D1F3D75FF2B}.Release|Any CPU.Build.0 = Release|Any CPU
		{E6EE7819-CBD4-4FA3-8467-E82B17D66FB0}.Debug|Any CPU.ActiveCfg = Debug|Any CPU
		{E6EE7819-CBD4-4FA3-8467-E82B17D66FB0}.Debug|Any CPU.Build.0 = Debug|Any CPU
		{E6EE7819-CBD4-4FA3-8467-E82B17D66FB0}.Release|Any CPU.ActiveCfg = Release|Any CPU
		{E6EE7819-CBD4-4FA3-8467-E82B17D66FB0}.Release|Any CPU.Build.0 = Release|Any CPU
		{DBDA6204-3866-4A92-82E5-5283AE11F718}.Debug|Any CPU.ActiveCfg = Debug|Any CPU
		{DBDA6204-3866-4A92-82E5-5283AE11F718}.Debug|Any CPU.Build.0 = Debug|Any CPU
		{DBDA6204-3866-4A92-82E5-5283AE11F718}.Release|Any CPU.ActiveCfg = Release|Any CPU
		{DBDA6204-3866-4A92-82E5-5283AE11F718}.Release|Any CPU.Build.0 = Release|Any CPU
		{DCBE28C7-7753-4097-A270-52DFCC3A3DBC}.Debug|Any CPU.ActiveCfg = Debug|Any CPU
		{DCBE28C7-7753-4097-A270-52DFCC3A3DBC}.Debug|Any CPU.Build.0 = Debug|Any CPU
		{DCBE28C7-7753-4097-A270-52DFCC3A3DBC}.Release|Any CPU.ActiveCfg = Release|Any CPU
		{DCBE28C7-7753-4097-A270-52DFCC3A3DBC}.Release|Any CPU.Build.0 = Release|Any CPU
		{DDE46F51-FBCC-487E-84D6-B90F188BAA79}.Debug|Any CPU.ActiveCfg = Debug|Any CPU
		{DDE46F51-FBCC-487E-84D6-B90F188BAA79}.Debug|Any CPU.Build.0 = Debug|Any CPU
		{DDE46F51-FBCC-487E-84D6-B90F188BAA79}.Release|Any CPU.ActiveCfg = Release|Any CPU
		{DDE46F51-FBCC-487E-84D6-B90F188BAA79}.Release|Any CPU.Build.0 = Release|Any CPU
		{8A00DD74-876E-4BCA-BAD2-45BEB625865A}.Debug|Any CPU.ActiveCfg = Debug|Any CPU
		{8A00DD74-876E-4BCA-BAD2-45BEB625865A}.Debug|Any CPU.Build.0 = Debug|Any CPU
		{8A00DD74-876E-4BCA-BAD2-45BEB625865A}.Release|Any CPU.ActiveCfg = Release|Any CPU
		{8A00DD74-876E-4BCA-BAD2-45BEB625865A}.Release|Any CPU.Build.0 = Release|Any CPU
		{F0BDFA0D-4548-47CD-9D49-A87818A89268}.Debug|Any CPU.ActiveCfg = Debug|Any CPU
		{F0BDFA0D-4548-47CD-9D49-A87818A89268}.Debug|Any CPU.Build.0 = Debug|Any CPU
		{F0BDFA0D-4548-47CD-9D49-A87818A89268}.Release|Any CPU.ActiveCfg = Release|Any CPU
		{F0BDFA0D-4548-47CD-9D49-A87818A89268}.Release|Any CPU.Build.0 = Release|Any CPU
		{AE016A5E-415E-49A0-8021-E98565D105E8}.Debug|Any CPU.ActiveCfg = Debug|Any CPU
		{AE016A5E-415E-49A0-8021-E98565D105E8}.Debug|Any CPU.Build.0 = Debug|Any CPU
		{AE016A5E-415E-49A0-8021-E98565D105E8}.Release|Any CPU.ActiveCfg = Release|Any CPU
		{AE016A5E-415E-49A0-8021-E98565D105E8}.Release|Any CPU.Build.0 = Release|Any CPU
		{29D7978D-161F-4CE9-BA96-A85F4B6EAE82}.Debug|Any CPU.ActiveCfg = Debug|Any CPU
		{29D7978D-161F-4CE9-BA96-A85F4B6EAE82}.Debug|Any CPU.Build.0 = Debug|Any CPU
		{29D7978D-161F-4CE9-BA96-A85F4B6EAE82}.Release|Any CPU.ActiveCfg = Release|Any CPU
		{29D7978D-161F-4CE9-BA96-A85F4B6EAE82}.Release|Any CPU.Build.0 = Release|Any CPU
		{D6935451-B920-4C12-B1EA-09D5B1D95525}.Debug|Any CPU.ActiveCfg = Debug|Any CPU
		{D6935451-B920-4C12-B1EA-09D5B1D95525}.Debug|Any CPU.Build.0 = Debug|Any CPU
		{D6935451-B920-4C12-B1EA-09D5B1D95525}.Release|Any CPU.ActiveCfg = Release|Any CPU
		{D6935451-B920-4C12-B1EA-09D5B1D95525}.Release|Any CPU.Build.0 = Release|Any CPU
		{ABF81488-E24C-429D-B551-9BE17D6E8498}.Debug|Any CPU.ActiveCfg = Debug|Any CPU
		{ABF81488-E24C-429D-B551-9BE17D6E8498}.Debug|Any CPU.Build.0 = Debug|Any CPU
		{ABF81488-E24C-429D-B551-9BE17D6E8498}.Release|Any CPU.ActiveCfg = Release|Any CPU
		{ABF81488-E24C-429D-B551-9BE17D6E8498}.Release|Any CPU.Build.0 = Release|Any CPU
		{81DCDDA5-E993-49C7-B79E-0596C95F6BD3}.Debug|Any CPU.ActiveCfg = Debug|Any CPU
		{81DCDDA5-E993-49C7-B79E-0596C95F6BD3}.Debug|Any CPU.Build.0 = Debug|Any CPU
		{81DCDDA5-E993-49C7-B79E-0596C95F6BD3}.Release|Any CPU.ActiveCfg = Release|Any CPU
		{81DCDDA5-E993-49C7-B79E-0596C95F6BD3}.Release|Any CPU.Build.0 = Release|Any CPU
		{7E2AA4BC-6CB0-43FD-A255-0207D50C6D0F}.Debug|Any CPU.ActiveCfg = Debug|Any CPU
		{7E2AA4BC-6CB0-43FD-A255-0207D50C6D0F}.Debug|Any CPU.Build.0 = Debug|Any CPU
		{7E2AA4BC-6CB0-43FD-A255-0207D50C6D0F}.Release|Any CPU.ActiveCfg = Release|Any CPU
		{7E2AA4BC-6CB0-43FD-A255-0207D50C6D0F}.Release|Any CPU.Build.0 = Release|Any CPU
		{042AA780-28E1-43EC-A7F8-24F2F49FC27E}.Debug|Any CPU.ActiveCfg = Debug|Any CPU
		{042AA780-28E1-43EC-A7F8-24F2F49FC27E}.Debug|Any CPU.Build.0 = Debug|Any CPU
		{042AA780-28E1-43EC-A7F8-24F2F49FC27E}.Release|Any CPU.ActiveCfg = Release|Any CPU
		{042AA780-28E1-43EC-A7F8-24F2F49FC27E}.Release|Any CPU.Build.0 = Release|Any CPU
		{2D0B7D1C-0971-4CF6-846D-90FF1A5651AA}.Debug|Any CPU.ActiveCfg = Debug|Any CPU
		{2D0B7D1C-0971-4CF6-846D-90FF1A5651AA}.Debug|Any CPU.Build.0 = Debug|Any CPU
		{2D0B7D1C-0971-4CF6-846D-90FF1A5651AA}.Release|Any CPU.ActiveCfg = Release|Any CPU
		{2D0B7D1C-0971-4CF6-846D-90FF1A5651AA}.Release|Any CPU.Build.0 = Release|Any CPU
		{BB48CF3D-E12F-436F-ADD4-D7B7EAE5152C}.Debug|Any CPU.ActiveCfg = Debug|Any CPU
		{BB48CF3D-E12F-436F-ADD4-D7B7EAE5152C}.Debug|Any CPU.Build.0 = Debug|Any CPU
		{BB48CF3D-E12F-436F-ADD4-D7B7EAE5152C}.Release|Any CPU.ActiveCfg = Release|Any CPU
		{BB48CF3D-E12F-436F-ADD4-D7B7EAE5152C}.Release|Any CPU.Build.0 = Release|Any CPU
		{B2159E9B-0F59-4E85-91A1-F6A4730FEFA7}.Debug|Any CPU.ActiveCfg = Debug|Any CPU
		{B2159E9B-0F59-4E85-91A1-F6A4730FEFA7}.Debug|Any CPU.Build.0 = Debug|Any CPU
		{B2159E9B-0F59-4E85-91A1-F6A4730FEFA7}.Release|Any CPU.ActiveCfg = Release|Any CPU
		{B2159E9B-0F59-4E85-91A1-F6A4730FEFA7}.Release|Any CPU.Build.0 = Release|Any CPU
		{0856E08C-4217-4609-B16D-C9ED9E757806}.Debug|Any CPU.ActiveCfg = Debug|Any CPU
		{0856E08C-4217-4609-B16D-C9ED9E757806}.Debug|Any CPU.Build.0 = Debug|Any CPU
		{0856E08C-4217-4609-B16D-C9ED9E757806}.Release|Any CPU.ActiveCfg = Release|Any CPU
		{0856E08C-4217-4609-B16D-C9ED9E757806}.Release|Any CPU.Build.0 = Release|Any CPU
		{6DE2CD96-5DD8-46E4-8ED2-6A6A32D4EC18}.Debug|Any CPU.ActiveCfg = Debug|Any CPU
		{6DE2CD96-5DD8-46E4-8ED2-6A6A32D4EC18}.Debug|Any CPU.Build.0 = Debug|Any CPU
		{6DE2CD96-5DD8-46E4-8ED2-6A6A32D4EC18}.Release|Any CPU.ActiveCfg = Release|Any CPU
		{6DE2CD96-5DD8-46E4-8ED2-6A6A32D4EC18}.Release|Any CPU.Build.0 = Release|Any CPU
		{6F5DF015-CDC1-4B1D-BD48-99757D2E6A18}.Debug|Any CPU.ActiveCfg = Debug|Any CPU
		{6F5DF015-CDC1-4B1D-BD48-99757D2E6A18}.Debug|Any CPU.Build.0 = Debug|Any CPU
		{6F5DF015-CDC1-4B1D-BD48-99757D2E6A18}.Release|Any CPU.ActiveCfg = Release|Any CPU
		{6F5DF015-CDC1-4B1D-BD48-99757D2E6A18}.Release|Any CPU.Build.0 = Release|Any CPU
		{876115D5-BA5F-4568-9278-F35200503869}.Debug|Any CPU.ActiveCfg = Debug|Any CPU
		{876115D5-BA5F-4568-9278-F35200503869}.Debug|Any CPU.Build.0 = Debug|Any CPU
		{876115D5-BA5F-4568-9278-F35200503869}.Release|Any CPU.ActiveCfg = Release|Any CPU
		{876115D5-BA5F-4568-9278-F35200503869}.Release|Any CPU.Build.0 = Release|Any CPU
		{67E9F14D-E182-4F86-A2B1-1B5F75374E78}.Debug|Any CPU.ActiveCfg = Debug|Any CPU
		{67E9F14D-E182-4F86-A2B1-1B5F75374E78}.Debug|Any CPU.Build.0 = Debug|Any CPU
		{67E9F14D-E182-4F86-A2B1-1B5F75374E78}.Release|Any CPU.ActiveCfg = Release|Any CPU
		{67E9F14D-E182-4F86-A2B1-1B5F75374E78}.Release|Any CPU.Build.0 = Release|Any CPU
		{7F4BACCA-9E2E-49AE-8DF1-512C572CB03B}.Debug|Any CPU.ActiveCfg = Debug|Any CPU
		{7F4BACCA-9E2E-49AE-8DF1-512C572CB03B}.Debug|Any CPU.Build.0 = Debug|Any CPU
		{7F4BACCA-9E2E-49AE-8DF1-512C572CB03B}.Release|Any CPU.ActiveCfg = Release|Any CPU
		{7F4BACCA-9E2E-49AE-8DF1-512C572CB03B}.Release|Any CPU.Build.0 = Release|Any CPU
		{C1ED11F3-4FA8-4471-BA70-2A35481056E0}.Debug|Any CPU.ActiveCfg = Debug|Any CPU
		{C1ED11F3-4FA8-4471-BA70-2A35481056E0}.Debug|Any CPU.Build.0 = Debug|Any CPU
		{C1ED11F3-4FA8-4471-BA70-2A35481056E0}.Release|Any CPU.ActiveCfg = Release|Any CPU
		{C1ED11F3-4FA8-4471-BA70-2A35481056E0}.Release|Any CPU.Build.0 = Release|Any CPU
		{23AD38AE-6105-4C16-8489-E2AC8FBD9D58}.Debug|Any CPU.ActiveCfg = Debug|Any CPU
		{23AD38AE-6105-4C16-8489-E2AC8FBD9D58}.Debug|Any CPU.Build.0 = Debug|Any CPU
		{23AD38AE-6105-4C16-8489-E2AC8FBD9D58}.Release|Any CPU.ActiveCfg = Release|Any CPU
		{23AD38AE-6105-4C16-8489-E2AC8FBD9D58}.Release|Any CPU.Build.0 = Release|Any CPU
		{65F8E29A-851F-4E8F-8D30-2DA5CCB5455B}.Debug|Any CPU.ActiveCfg = Debug|Any CPU
		{65F8E29A-851F-4E8F-8D30-2DA5CCB5455B}.Debug|Any CPU.Build.0 = Debug|Any CPU
		{65F8E29A-851F-4E8F-8D30-2DA5CCB5455B}.Release|Any CPU.ActiveCfg = Release|Any CPU
		{65F8E29A-851F-4E8F-8D30-2DA5CCB5455B}.Release|Any CPU.Build.0 = Release|Any CPU
		{7A89168D-3D8C-4949-83FD-C7533C67BCDF}.Debug|Any CPU.ActiveCfg = Debug|Any CPU
		{7A89168D-3D8C-4949-83FD-C7533C67BCDF}.Debug|Any CPU.Build.0 = Debug|Any CPU
		{7A89168D-3D8C-4949-83FD-C7533C67BCDF}.Release|Any CPU.ActiveCfg = Release|Any CPU
		{7A89168D-3D8C-4949-83FD-C7533C67BCDF}.Release|Any CPU.Build.0 = Release|Any CPU
		{5217DD7A-9A75-45B5-85F3-8B5BFCE08AF3}.Debug|Any CPU.ActiveCfg = Debug|Any CPU
		{5217DD7A-9A75-45B5-85F3-8B5BFCE08AF3}.Debug|Any CPU.Build.0 = Debug|Any CPU
		{5217DD7A-9A75-45B5-85F3-8B5BFCE08AF3}.Release|Any CPU.ActiveCfg = Release|Any CPU
		{5217DD7A-9A75-45B5-85F3-8B5BFCE08AF3}.Release|Any CPU.Build.0 = Release|Any CPU
		{C5FAE1EF-373B-4A7B-98C8-0477F330B285}.Debug|Any CPU.ActiveCfg = Debug|Any CPU
		{C5FAE1EF-373B-4A7B-98C8-0477F330B285}.Debug|Any CPU.Build.0 = Debug|Any CPU
		{C5FAE1EF-373B-4A7B-98C8-0477F330B285}.Release|Any CPU.ActiveCfg = Release|Any CPU
		{C5FAE1EF-373B-4A7B-98C8-0477F330B285}.Release|Any CPU.Build.0 = Release|Any CPU
		{FA52CB21-DDBA-486A-884D-BEBACBFAB117}.Debug|Any CPU.ActiveCfg = Debug|Any CPU
		{FA52CB21-DDBA-486A-884D-BEBACBFAB117}.Debug|Any CPU.Build.0 = Debug|Any CPU
		{FA52CB21-DDBA-486A-884D-BEBACBFAB117}.Release|Any CPU.ActiveCfg = Release|Any CPU
		{FA52CB21-DDBA-486A-884D-BEBACBFAB117}.Release|Any CPU.Build.0 = Release|Any CPU
		{052C2E6D-3688-48E3-811C-D527AD6FC633}.Debug|Any CPU.ActiveCfg = Debug|Any CPU
		{052C2E6D-3688-48E3-811C-D527AD6FC633}.Debug|Any CPU.Build.0 = Debug|Any CPU
		{052C2E6D-3688-48E3-811C-D527AD6FC633}.Release|Any CPU.ActiveCfg = Release|Any CPU
		{052C2E6D-3688-48E3-811C-D527AD6FC633}.Release|Any CPU.Build.0 = Release|Any CPU
		{8E286E30-7BA0-4ED1-A6FF-5BDB729700E9}.Debug|Any CPU.ActiveCfg = Debug|Any CPU
		{8E286E30-7BA0-4ED1-A6FF-5BDB729700E9}.Debug|Any CPU.Build.0 = Debug|Any CPU
		{8E286E30-7BA0-4ED1-A6FF-5BDB729700E9}.Release|Any CPU.ActiveCfg = Release|Any CPU
		{8E286E30-7BA0-4ED1-A6FF-5BDB729700E9}.Release|Any CPU.Build.0 = Release|Any CPU
		{B7A712C9-C518-4F75-AA03-5D8B41BEF48A}.Debug|Any CPU.ActiveCfg = Debug|Any CPU
		{B7A712C9-C518-4F75-AA03-5D8B41BEF48A}.Debug|Any CPU.Build.0 = Debug|Any CPU
		{B7A712C9-C518-4F75-AA03-5D8B41BEF48A}.Release|Any CPU.ActiveCfg = Release|Any CPU
		{B7A712C9-C518-4F75-AA03-5D8B41BEF48A}.Release|Any CPU.Build.0 = Release|Any CPU
		{B80D9212-A6C4-4F7D-9EAA-A3A60BC070CD}.Debug|Any CPU.ActiveCfg = Debug|Any CPU
		{B80D9212-A6C4-4F7D-9EAA-A3A60BC070CD}.Debug|Any CPU.Build.0 = Debug|Any CPU
		{B80D9212-A6C4-4F7D-9EAA-A3A60BC070CD}.Release|Any CPU.ActiveCfg = Release|Any CPU
		{B80D9212-A6C4-4F7D-9EAA-A3A60BC070CD}.Release|Any CPU.Build.0 = Release|Any CPU
		{197FF3CB-ED89-458C-8F70-FA33076B62C6}.Debug|Any CPU.ActiveCfg = Debug|Any CPU
		{197FF3CB-ED89-458C-8F70-FA33076B62C6}.Debug|Any CPU.Build.0 = Debug|Any CPU
		{197FF3CB-ED89-458C-8F70-FA33076B62C6}.Release|Any CPU.ActiveCfg = Release|Any CPU
		{197FF3CB-ED89-458C-8F70-FA33076B62C6}.Release|Any CPU.Build.0 = Release|Any CPU
		{D223AF91-E433-4287-8A29-949175553255}.Debug|Any CPU.ActiveCfg = Debug|Any CPU
		{D223AF91-E433-4287-8A29-949175553255}.Debug|Any CPU.Build.0 = Debug|Any CPU
		{D223AF91-E433-4287-8A29-949175553255}.Release|Any CPU.ActiveCfg = Release|Any CPU
		{D223AF91-E433-4287-8A29-949175553255}.Release|Any CPU.Build.0 = Release|Any CPU
		{9EF55602-B2F6-49D8-88F4-575CD966C5EC}.Debug|Any CPU.ActiveCfg = Debug|Any CPU
		{9EF55602-B2F6-49D8-88F4-575CD966C5EC}.Debug|Any CPU.Build.0 = Debug|Any CPU
		{9EF55602-B2F6-49D8-88F4-575CD966C5EC}.Release|Any CPU.ActiveCfg = Release|Any CPU
		{9EF55602-B2F6-49D8-88F4-575CD966C5EC}.Release|Any CPU.Build.0 = Release|Any CPU
		{D58EB754-03A9-4655-9020-0F5FA7148BED}.Debug|Any CPU.ActiveCfg = Debug|Any CPU
		{D58EB754-03A9-4655-9020-0F5FA7148BED}.Debug|Any CPU.Build.0 = Debug|Any CPU
		{D58EB754-03A9-4655-9020-0F5FA7148BED}.Release|Any CPU.ActiveCfg = Release|Any CPU
		{D58EB754-03A9-4655-9020-0F5FA7148BED}.Release|Any CPU.Build.0 = Release|Any CPU
		{0198C866-5630-4CDC-92B5-14F4BB33483B}.Debug|Any CPU.ActiveCfg = Debug|Any CPU
		{0198C866-5630-4CDC-92B5-14F4BB33483B}.Debug|Any CPU.Build.0 = Debug|Any CPU
		{0198C866-5630-4CDC-92B5-14F4BB33483B}.Release|Any CPU.ActiveCfg = Release|Any CPU
		{0198C866-5630-4CDC-92B5-14F4BB33483B}.Release|Any CPU.Build.0 = Release|Any CPU
		{0CFD9430-4214-48AA-B839-67D31B0DD0C1}.Debug|Any CPU.ActiveCfg = Debug|Any CPU
		{0CFD9430-4214-48AA-B839-67D31B0DD0C1}.Debug|Any CPU.Build.0 = Debug|Any CPU
		{0CFD9430-4214-48AA-B839-67D31B0DD0C1}.Release|Any CPU.ActiveCfg = Release|Any CPU
		{0CFD9430-4214-48AA-B839-67D31B0DD0C1}.Release|Any CPU.Build.0 = Release|Any CPU
		{B19C6B8E-A215-41FB-92A3-D9E863725DD7}.Debug|Any CPU.ActiveCfg = Debug|Any CPU
		{B19C6B8E-A215-41FB-92A3-D9E863725DD7}.Debug|Any CPU.Build.0 = Debug|Any CPU
		{B19C6B8E-A215-41FB-92A3-D9E863725DD7}.Release|Any CPU.ActiveCfg = Release|Any CPU
		{B19C6B8E-A215-41FB-92A3-D9E863725DD7}.Release|Any CPU.Build.0 = Release|Any CPU
		{0F944F07-1EC7-4749-956C-B16F09B8BA5A}.Debug|Any CPU.ActiveCfg = Debug|Any CPU
		{0F944F07-1EC7-4749-956C-B16F09B8BA5A}.Debug|Any CPU.Build.0 = Debug|Any CPU
		{0F944F07-1EC7-4749-956C-B16F09B8BA5A}.Release|Any CPU.ActiveCfg = Release|Any CPU
		{0F944F07-1EC7-4749-956C-B16F09B8BA5A}.Release|Any CPU.Build.0 = Release|Any CPU
		{C83A56DF-27E1-4C70-B622-DC903FF9B54A}.Debug|Any CPU.ActiveCfg = Debug|Any CPU
		{C83A56DF-27E1-4C70-B622-DC903FF9B54A}.Debug|Any CPU.Build.0 = Debug|Any CPU
		{C83A56DF-27E1-4C70-B622-DC903FF9B54A}.Release|Any CPU.ActiveCfg = Release|Any CPU
		{C83A56DF-27E1-4C70-B622-DC903FF9B54A}.Release|Any CPU.Build.0 = Release|Any CPU
		{08FD0FA3-08A0-483C-B56D-E054C6EDF27C}.Debug|Any CPU.ActiveCfg = Debug|Any CPU
		{08FD0FA3-08A0-483C-B56D-E054C6EDF27C}.Debug|Any CPU.Build.0 = Debug|Any CPU
		{08FD0FA3-08A0-483C-B56D-E054C6EDF27C}.Release|Any CPU.ActiveCfg = Release|Any CPU
		{08FD0FA3-08A0-483C-B56D-E054C6EDF27C}.Release|Any CPU.Build.0 = Release|Any CPU
		{DBE2B836-DABD-4D35-8EA7-373CB9B303EC}.Debug|Any CPU.ActiveCfg = Debug|Any CPU
		{DBE2B836-DABD-4D35-8EA7-373CB9B303EC}.Debug|Any CPU.Build.0 = Debug|Any CPU
		{DBE2B836-DABD-4D35-8EA7-373CB9B303EC}.Release|Any CPU.ActiveCfg = Release|Any CPU
		{DBE2B836-DABD-4D35-8EA7-373CB9B303EC}.Release|Any CPU.Build.0 = Release|Any CPU
		{6CF7172E-8E98-4FC9-BF77-4F4257E66D16}.Debug|Any CPU.ActiveCfg = Debug|Any CPU
		{6CF7172E-8E98-4FC9-BF77-4F4257E66D16}.Debug|Any CPU.Build.0 = Debug|Any CPU
		{6CF7172E-8E98-4FC9-BF77-4F4257E66D16}.Release|Any CPU.ActiveCfg = Release|Any CPU
		{6CF7172E-8E98-4FC9-BF77-4F4257E66D16}.Release|Any CPU.Build.0 = Release|Any CPU
		{073E3227-5206-4C16-98FC-DED22A620BF9}.Debug|Any CPU.ActiveCfg = Debug|Any CPU
		{073E3227-5206-4C16-98FC-DED22A620BF9}.Debug|Any CPU.Build.0 = Debug|Any CPU
		{073E3227-5206-4C16-98FC-DED22A620BF9}.Release|Any CPU.ActiveCfg = Release|Any CPU
		{073E3227-5206-4C16-98FC-DED22A620BF9}.Release|Any CPU.Build.0 = Release|Any CPU
		{3B18DF20-767B-42D2-AF0A-886B5262EBD4}.Debug|Any CPU.ActiveCfg = Debug|Any CPU
		{3B18DF20-767B-42D2-AF0A-886B5262EBD4}.Debug|Any CPU.Build.0 = Debug|Any CPU
		{3B18DF20-767B-42D2-AF0A-886B5262EBD4}.Release|Any CPU.ActiveCfg = Release|Any CPU
		{3B18DF20-767B-42D2-AF0A-886B5262EBD4}.Release|Any CPU.Build.0 = Release|Any CPU
		{F081279B-63A5-42E4-9E4F-DD4DF6F3BEC8}.Debug|Any CPU.ActiveCfg = Debug|Any CPU
		{F081279B-63A5-42E4-9E4F-DD4DF6F3BEC8}.Debug|Any CPU.Build.0 = Debug|Any CPU
		{F081279B-63A5-42E4-9E4F-DD4DF6F3BEC8}.Release|Any CPU.ActiveCfg = Release|Any CPU
		{F081279B-63A5-42E4-9E4F-DD4DF6F3BEC8}.Release|Any CPU.Build.0 = Release|Any CPU
		{2B1F2566-F486-4EE3-B1A9-84EB738D377F}.Debug|Any CPU.ActiveCfg = Debug|Any CPU
		{2B1F2566-F486-4EE3-B1A9-84EB738D377F}.Debug|Any CPU.Build.0 = Debug|Any CPU
		{2B1F2566-F486-4EE3-B1A9-84EB738D377F}.Release|Any CPU.ActiveCfg = Release|Any CPU
		{2B1F2566-F486-4EE3-B1A9-84EB738D377F}.Release|Any CPU.Build.0 = Release|Any CPU
		{DE4489C9-5559-46B1-B0F8-C2CD18215A44}.Debug|Any CPU.ActiveCfg = Debug|Any CPU
		{DE4489C9-5559-46B1-B0F8-C2CD18215A44}.Debug|Any CPU.Build.0 = Debug|Any CPU
		{DE4489C9-5559-46B1-B0F8-C2CD18215A44}.Release|Any CPU.ActiveCfg = Release|Any CPU
		{DE4489C9-5559-46B1-B0F8-C2CD18215A44}.Release|Any CPU.Build.0 = Release|Any CPU
		{DDE72AE9-9DA5-4F69-9EF3-9C63B457ABC1}.Debug|Any CPU.ActiveCfg = Debug|Any CPU
		{DDE72AE9-9DA5-4F69-9EF3-9C63B457ABC1}.Debug|Any CPU.Build.0 = Debug|Any CPU
		{DDE72AE9-9DA5-4F69-9EF3-9C63B457ABC1}.Release|Any CPU.ActiveCfg = Release|Any CPU
		{DDE72AE9-9DA5-4F69-9EF3-9C63B457ABC1}.Release|Any CPU.Build.0 = Release|Any CPU
		{888A655D-BBA9-4F05-BF1E-B08A056225DE}.Debug|Any CPU.ActiveCfg = Debug|Any CPU
		{888A655D-BBA9-4F05-BF1E-B08A056225DE}.Debug|Any CPU.Build.0 = Debug|Any CPU
		{888A655D-BBA9-4F05-BF1E-B08A056225DE}.Release|Any CPU.ActiveCfg = Release|Any CPU
		{888A655D-BBA9-4F05-BF1E-B08A056225DE}.Release|Any CPU.Build.0 = Release|Any CPU
		{A4361F1C-63C8-475A-9220-C3F64FF4E64C}.Debug|Any CPU.ActiveCfg = Debug|Any CPU
		{A4361F1C-63C8-475A-9220-C3F64FF4E64C}.Debug|Any CPU.Build.0 = Debug|Any CPU
		{A4361F1C-63C8-475A-9220-C3F64FF4E64C}.Release|Any CPU.ActiveCfg = Release|Any CPU
		{A4361F1C-63C8-475A-9220-C3F64FF4E64C}.Release|Any CPU.Build.0 = Release|Any CPU
		{EDD27526-F21D-4752-B57C-E16B729CF0E0}.Debug|Any CPU.ActiveCfg = Debug|Any CPU
		{EDD27526-F21D-4752-B57C-E16B729CF0E0}.Debug|Any CPU.Build.0 = Debug|Any CPU
		{EDD27526-F21D-4752-B57C-E16B729CF0E0}.Release|Any CPU.ActiveCfg = Release|Any CPU
		{EDD27526-F21D-4752-B57C-E16B729CF0E0}.Release|Any CPU.Build.0 = Release|Any CPU
		{67F45F47-7903-4B3B-93E7-32DAD592A46E}.Debug|Any CPU.ActiveCfg = Debug|Any CPU
		{67F45F47-7903-4B3B-93E7-32DAD592A46E}.Debug|Any CPU.Build.0 = Debug|Any CPU
		{67F45F47-7903-4B3B-93E7-32DAD592A46E}.Release|Any CPU.ActiveCfg = Release|Any CPU
		{67F45F47-7903-4B3B-93E7-32DAD592A46E}.Release|Any CPU.Build.0 = Release|Any CPU
		{AE19388D-83D1-40CF-B3A6-1AB913EB28E1}.Debug|Any CPU.ActiveCfg = Debug|Any CPU
		{AE19388D-83D1-40CF-B3A6-1AB913EB28E1}.Debug|Any CPU.Build.0 = Debug|Any CPU
		{AE19388D-83D1-40CF-B3A6-1AB913EB28E1}.Release|Any CPU.ActiveCfg = Release|Any CPU
		{AE19388D-83D1-40CF-B3A6-1AB913EB28E1}.Release|Any CPU.Build.0 = Release|Any CPU
		{AE357C33-0438-44DF-BD38-B6DD86C5168C}.Debug|Any CPU.ActiveCfg = Debug|Any CPU
		{AE357C33-0438-44DF-BD38-B6DD86C5168C}.Debug|Any CPU.Build.0 = Debug|Any CPU
		{AE357C33-0438-44DF-BD38-B6DD86C5168C}.Release|Any CPU.ActiveCfg = Release|Any CPU
		{AE357C33-0438-44DF-BD38-B6DD86C5168C}.Release|Any CPU.Build.0 = Release|Any CPU
		{9A7B68DA-B50E-4E21-B52E-808DFC5631A1}.Debug|Any CPU.ActiveCfg = Debug|Any CPU
		{9A7B68DA-B50E-4E21-B52E-808DFC5631A1}.Debug|Any CPU.Build.0 = Debug|Any CPU
		{9A7B68DA-B50E-4E21-B52E-808DFC5631A1}.Release|Any CPU.ActiveCfg = Release|Any CPU
		{9A7B68DA-B50E-4E21-B52E-808DFC5631A1}.Release|Any CPU.Build.0 = Release|Any CPU
		{36E3A98D-50C5-4837-9CF3-4DBBB05E0BF0}.Debug|Any CPU.ActiveCfg = Debug|Any CPU
		{36E3A98D-50C5-4837-9CF3-4DBBB05E0BF0}.Debug|Any CPU.Build.0 = Debug|Any CPU
		{36E3A98D-50C5-4837-9CF3-4DBBB05E0BF0}.Release|Any CPU.ActiveCfg = Release|Any CPU
		{36E3A98D-50C5-4837-9CF3-4DBBB05E0BF0}.Release|Any CPU.Build.0 = Release|Any CPU
		{69966747-722E-46DD-9CD9-9DDCB3430566}.Debug|Any CPU.ActiveCfg = Debug|Any CPU
		{69966747-722E-46DD-9CD9-9DDCB3430566}.Debug|Any CPU.Build.0 = Debug|Any CPU
		{69966747-722E-46DD-9CD9-9DDCB3430566}.Release|Any CPU.ActiveCfg = Release|Any CPU
		{69966747-722E-46DD-9CD9-9DDCB3430566}.Release|Any CPU.Build.0 = Release|Any CPU
		{EE9942B3-D6A6-4C81-BA5A-F1D7D3893881}.Debug|Any CPU.ActiveCfg = Debug|Any CPU
		{EE9942B3-D6A6-4C81-BA5A-F1D7D3893881}.Debug|Any CPU.Build.0 = Debug|Any CPU
		{EE9942B3-D6A6-4C81-BA5A-F1D7D3893881}.Release|Any CPU.ActiveCfg = Release|Any CPU
		{EE9942B3-D6A6-4C81-BA5A-F1D7D3893881}.Release|Any CPU.Build.0 = Release|Any CPU
		{E1645D33-42E1-4C54-97D4-EE667EBAC2E6}.Debug|Any CPU.ActiveCfg = Debug|Any CPU
		{E1645D33-42E1-4C54-97D4-EE667EBAC2E6}.Debug|Any CPU.Build.0 = Debug|Any CPU
		{E1645D33-42E1-4C54-97D4-EE667EBAC2E6}.Release|Any CPU.ActiveCfg = Release|Any CPU
		{E1645D33-42E1-4C54-97D4-EE667EBAC2E6}.Release|Any CPU.Build.0 = Release|Any CPU
		{DFC62D2A-CBA8-4BD3-9010-3785CE0BF801}.Debug|Any CPU.ActiveCfg = Debug|Any CPU
		{DFC62D2A-CBA8-4BD3-9010-3785CE0BF801}.Debug|Any CPU.Build.0 = Debug|Any CPU
		{DFC62D2A-CBA8-4BD3-9010-3785CE0BF801}.Release|Any CPU.ActiveCfg = Release|Any CPU
		{DFC62D2A-CBA8-4BD3-9010-3785CE0BF801}.Release|Any CPU.Build.0 = Release|Any CPU
		{5FD8DCE0-A9BE-490A-A56E-D590D0526E3B}.Debug|Any CPU.ActiveCfg = Debug|Any CPU
		{5FD8DCE0-A9BE-490A-A56E-D590D0526E3B}.Debug|Any CPU.Build.0 = Debug|Any CPU
		{5FD8DCE0-A9BE-490A-A56E-D590D0526E3B}.Release|Any CPU.ActiveCfg = Release|Any CPU
		{5FD8DCE0-A9BE-490A-A56E-D590D0526E3B}.Release|Any CPU.Build.0 = Release|Any CPU
		{E929A484-F351-4268-9539-0100D4E7B89B}.Debug|Any CPU.ActiveCfg = Debug|Any CPU
		{E929A484-F351-4268-9539-0100D4E7B89B}.Debug|Any CPU.Build.0 = Debug|Any CPU
		{E929A484-F351-4268-9539-0100D4E7B89B}.Release|Any CPU.ActiveCfg = Release|Any CPU
		{E929A484-F351-4268-9539-0100D4E7B89B}.Release|Any CPU.Build.0 = Release|Any CPU
		{5C2407B3-DF64-4897-8F15-876125BDAFFD}.Debug|Any CPU.ActiveCfg = Debug|Any CPU
		{5C2407B3-DF64-4897-8F15-876125BDAFFD}.Debug|Any CPU.Build.0 = Debug|Any CPU
		{5C2407B3-DF64-4897-8F15-876125BDAFFD}.Release|Any CPU.ActiveCfg = Release|Any CPU
		{5C2407B3-DF64-4897-8F15-876125BDAFFD}.Release|Any CPU.Build.0 = Release|Any CPU
		{24FE7D6C-ECBB-4BD0-9C35-BE51DC1306A2}.Debug|Any CPU.ActiveCfg = Debug|Any CPU
		{24FE7D6C-ECBB-4BD0-9C35-BE51DC1306A2}.Debug|Any CPU.Build.0 = Debug|Any CPU
		{24FE7D6C-ECBB-4BD0-9C35-BE51DC1306A2}.Release|Any CPU.ActiveCfg = Release|Any CPU
		{24FE7D6C-ECBB-4BD0-9C35-BE51DC1306A2}.Release|Any CPU.Build.0 = Release|Any CPU
		{72FEAC4E-6558-47AE-B012-884C129B7D2A}.Debug|Any CPU.ActiveCfg = Debug|Any CPU
		{72FEAC4E-6558-47AE-B012-884C129B7D2A}.Debug|Any CPU.Build.0 = Debug|Any CPU
		{72FEAC4E-6558-47AE-B012-884C129B7D2A}.Release|Any CPU.ActiveCfg = Release|Any CPU
		{72FEAC4E-6558-47AE-B012-884C129B7D2A}.Release|Any CPU.Build.0 = Release|Any CPU
		{140CFF9A-48FF-44F9-BEC4-8C8847BE1D81}.Debug|Any CPU.ActiveCfg = Debug|Any CPU
		{140CFF9A-48FF-44F9-BEC4-8C8847BE1D81}.Debug|Any CPU.Build.0 = Debug|Any CPU
		{140CFF9A-48FF-44F9-BEC4-8C8847BE1D81}.Release|Any CPU.ActiveCfg = Release|Any CPU
		{140CFF9A-48FF-44F9-BEC4-8C8847BE1D81}.Release|Any CPU.Build.0 = Release|Any CPU
		{CA0B2888-A71B-453B-8BE7-2E9C7D177D05}.Debug|Any CPU.ActiveCfg = Debug|Any CPU
		{CA0B2888-A71B-453B-8BE7-2E9C7D177D05}.Debug|Any CPU.Build.0 = Debug|Any CPU
		{CA0B2888-A71B-453B-8BE7-2E9C7D177D05}.Release|Any CPU.ActiveCfg = Release|Any CPU
		{CA0B2888-A71B-453B-8BE7-2E9C7D177D05}.Release|Any CPU.Build.0 = Release|Any CPU
		{5215E6F8-ACA8-4CD4-A8A4-6A5FD3BF5A64}.Debug|Any CPU.ActiveCfg = Debug|Any CPU
		{5215E6F8-ACA8-4CD4-A8A4-6A5FD3BF5A64}.Debug|Any CPU.Build.0 = Debug|Any CPU
		{5215E6F8-ACA8-4CD4-A8A4-6A5FD3BF5A64}.Release|Any CPU.ActiveCfg = Release|Any CPU
		{5215E6F8-ACA8-4CD4-A8A4-6A5FD3BF5A64}.Release|Any CPU.Build.0 = Release|Any CPU
		{7F9736E6-B630-4586-9B37-9B0D6EF79733}.Debug|Any CPU.ActiveCfg = Debug|Any CPU
		{7F9736E6-B630-4586-9B37-9B0D6EF79733}.Debug|Any CPU.Build.0 = Debug|Any CPU
		{7F9736E6-B630-4586-9B37-9B0D6EF79733}.Release|Any CPU.ActiveCfg = Release|Any CPU
		{7F9736E6-B630-4586-9B37-9B0D6EF79733}.Release|Any CPU.Build.0 = Release|Any CPU
		{63C319FD-5317-47D4-970D-16488D743584}.Debug|Any CPU.ActiveCfg = Debug|Any CPU
		{63C319FD-5317-47D4-970D-16488D743584}.Debug|Any CPU.Build.0 = Debug|Any CPU
		{63C319FD-5317-47D4-970D-16488D743584}.Release|Any CPU.ActiveCfg = Release|Any CPU
		{63C319FD-5317-47D4-970D-16488D743584}.Release|Any CPU.Build.0 = Release|Any CPU
		{6D59346E-D5EE-4E58-B247-07E2E194AE09}.Debug|Any CPU.ActiveCfg = Debug|Any CPU
		{6D59346E-D5EE-4E58-B247-07E2E194AE09}.Debug|Any CPU.Build.0 = Debug|Any CPU
		{6D59346E-D5EE-4E58-B247-07E2E194AE09}.Release|Any CPU.ActiveCfg = Release|Any CPU
		{6D59346E-D5EE-4E58-B247-07E2E194AE09}.Release|Any CPU.Build.0 = Release|Any CPU
		{20E77949-9A87-4578-8215-FA907D91AE35}.Debug|Any CPU.ActiveCfg = Debug|Any CPU
		{20E77949-9A87-4578-8215-FA907D91AE35}.Debug|Any CPU.Build.0 = Debug|Any CPU
		{20E77949-9A87-4578-8215-FA907D91AE35}.Release|Any CPU.ActiveCfg = Release|Any CPU
		{20E77949-9A87-4578-8215-FA907D91AE35}.Release|Any CPU.Build.0 = Release|Any CPU
		{7079C9E0-95C3-4C67-A820-105BA4BF4CD1}.Debug|Any CPU.ActiveCfg = Debug|Any CPU
		{7079C9E0-95C3-4C67-A820-105BA4BF4CD1}.Debug|Any CPU.Build.0 = Debug|Any CPU
		{7079C9E0-95C3-4C67-A820-105BA4BF4CD1}.Release|Any CPU.ActiveCfg = Release|Any CPU
		{7079C9E0-95C3-4C67-A820-105BA4BF4CD1}.Release|Any CPU.Build.0 = Release|Any CPU
		{A0927CB3-32E9-4CB1-A45E-073B1C56C726}.Debug|Any CPU.ActiveCfg = Debug|Any CPU
		{A0927CB3-32E9-4CB1-A45E-073B1C56C726}.Debug|Any CPU.Build.0 = Debug|Any CPU
		{A0927CB3-32E9-4CB1-A45E-073B1C56C726}.Release|Any CPU.ActiveCfg = Release|Any CPU
		{A0927CB3-32E9-4CB1-A45E-073B1C56C726}.Release|Any CPU.Build.0 = Release|Any CPU
		{5F52F2F4-FB2D-4BCD-925F-6C5615C606AE}.Debug|Any CPU.ActiveCfg = Debug|Any CPU
		{5F52F2F4-FB2D-4BCD-925F-6C5615C606AE}.Debug|Any CPU.Build.0 = Debug|Any CPU
		{5F52F2F4-FB2D-4BCD-925F-6C5615C606AE}.Release|Any CPU.ActiveCfg = Release|Any CPU
		{5F52F2F4-FB2D-4BCD-925F-6C5615C606AE}.Release|Any CPU.Build.0 = Release|Any CPU
		{DBC8D0F3-D140-48F3-A57A-11243402F5EB}.Debug|Any CPU.ActiveCfg = Debug|Any CPU
		{DBC8D0F3-D140-48F3-A57A-11243402F5EB}.Debug|Any CPU.Build.0 = Debug|Any CPU
		{DBC8D0F3-D140-48F3-A57A-11243402F5EB}.Release|Any CPU.ActiveCfg = Release|Any CPU
		{DBC8D0F3-D140-48F3-A57A-11243402F5EB}.Release|Any CPU.Build.0 = Release|Any CPU
		{DF58322A-A768-4EFA-9C4D-79CAB8042DDE}.Debug|Any CPU.ActiveCfg = Debug|Any CPU
		{DF58322A-A768-4EFA-9C4D-79CAB8042DDE}.Debug|Any CPU.Build.0 = Debug|Any CPU
		{DF58322A-A768-4EFA-9C4D-79CAB8042DDE}.Release|Any CPU.ActiveCfg = Release|Any CPU
		{DF58322A-A768-4EFA-9C4D-79CAB8042DDE}.Release|Any CPU.Build.0 = Release|Any CPU
		{229BB6BD-D97F-4C61-86BA-C7CE64E78563}.Debug|Any CPU.ActiveCfg = Debug|Any CPU
		{229BB6BD-D97F-4C61-86BA-C7CE64E78563}.Debug|Any CPU.Build.0 = Debug|Any CPU
		{229BB6BD-D97F-4C61-86BA-C7CE64E78563}.Release|Any CPU.ActiveCfg = Release|Any CPU
		{229BB6BD-D97F-4C61-86BA-C7CE64E78563}.Release|Any CPU.Build.0 = Release|Any CPU
		{86C3311D-FBC5-4B6D-962F-13ECEDD6C9CF}.Debug|Any CPU.ActiveCfg = Debug|Any CPU
		{86C3311D-FBC5-4B6D-962F-13ECEDD6C9CF}.Debug|Any CPU.Build.0 = Debug|Any CPU
		{86C3311D-FBC5-4B6D-962F-13ECEDD6C9CF}.Release|Any CPU.ActiveCfg = Release|Any CPU
		{86C3311D-FBC5-4B6D-962F-13ECEDD6C9CF}.Release|Any CPU.Build.0 = Release|Any CPU
		{4F619087-2A58-410B-BC3D-963C5A6987FA}.Debug|Any CPU.ActiveCfg = Debug|Any CPU
		{4F619087-2A58-410B-BC3D-963C5A6987FA}.Debug|Any CPU.Build.0 = Debug|Any CPU
		{4F619087-2A58-410B-BC3D-963C5A6987FA}.Release|Any CPU.ActiveCfg = Release|Any CPU
		{4F619087-2A58-410B-BC3D-963C5A6987FA}.Release|Any CPU.Build.0 = Release|Any CPU
		{B7DAA157-DCB8-45CF-96A4-EB40F6800F0B}.Debug|Any CPU.ActiveCfg = Debug|Any CPU
		{B7DAA157-DCB8-45CF-96A4-EB40F6800F0B}.Debug|Any CPU.Build.0 = Debug|Any CPU
		{B7DAA157-DCB8-45CF-96A4-EB40F6800F0B}.Release|Any CPU.ActiveCfg = Release|Any CPU
		{B7DAA157-DCB8-45CF-96A4-EB40F6800F0B}.Release|Any CPU.Build.0 = Release|Any CPU
		{94F21460-009B-483B-8DF5-F1B9D6E771B4}.Debug|Any CPU.ActiveCfg = Debug|Any CPU
		{94F21460-009B-483B-8DF5-F1B9D6E771B4}.Debug|Any CPU.Build.0 = Debug|Any CPU
		{94F21460-009B-483B-8DF5-F1B9D6E771B4}.Release|Any CPU.ActiveCfg = Release|Any CPU
		{94F21460-009B-483B-8DF5-F1B9D6E771B4}.Release|Any CPU.Build.0 = Release|Any CPU
		{7984DC0A-4962-4D16-8EF6-D5C5AF1EBECF}.Debug|Any CPU.ActiveCfg = Debug|Any CPU
		{7984DC0A-4962-4D16-8EF6-D5C5AF1EBECF}.Debug|Any CPU.Build.0 = Debug|Any CPU
		{7984DC0A-4962-4D16-8EF6-D5C5AF1EBECF}.Release|Any CPU.ActiveCfg = Release|Any CPU
		{7984DC0A-4962-4D16-8EF6-D5C5AF1EBECF}.Release|Any CPU.Build.0 = Release|Any CPU
		{D828A572-CDD3-4237-9B29-5A656192E859}.Debug|Any CPU.ActiveCfg = Debug|Any CPU
		{D828A572-CDD3-4237-9B29-5A656192E859}.Debug|Any CPU.Build.0 = Debug|Any CPU
		{D828A572-CDD3-4237-9B29-5A656192E859}.Release|Any CPU.ActiveCfg = Release|Any CPU
		{D828A572-CDD3-4237-9B29-5A656192E859}.Release|Any CPU.Build.0 = Release|Any CPU
		{18F5EC83-AA08-4611-8302-EB751C283FF5}.Debug|Any CPU.ActiveCfg = Debug|Any CPU
		{18F5EC83-AA08-4611-8302-EB751C283FF5}.Debug|Any CPU.Build.0 = Debug|Any CPU
		{18F5EC83-AA08-4611-8302-EB751C283FF5}.Release|Any CPU.ActiveCfg = Release|Any CPU
		{18F5EC83-AA08-4611-8302-EB751C283FF5}.Release|Any CPU.Build.0 = Release|Any CPU
		{70561547-8EBF-4570-904C-B1503BCB11D2}.Debug|Any CPU.ActiveCfg = Debug|Any CPU
		{70561547-8EBF-4570-904C-B1503BCB11D2}.Debug|Any CPU.Build.0 = Debug|Any CPU
		{70561547-8EBF-4570-904C-B1503BCB11D2}.Release|Any CPU.ActiveCfg = Release|Any CPU
		{70561547-8EBF-4570-904C-B1503BCB11D2}.Release|Any CPU.Build.0 = Release|Any CPU
		{5474CCA7-61C8-4B94-8B95-0817301F3BF5}.Debug|Any CPU.ActiveCfg = Debug|Any CPU
		{5474CCA7-61C8-4B94-8B95-0817301F3BF5}.Debug|Any CPU.Build.0 = Debug|Any CPU
		{5474CCA7-61C8-4B94-8B95-0817301F3BF5}.Release|Any CPU.ActiveCfg = Release|Any CPU
		{5474CCA7-61C8-4B94-8B95-0817301F3BF5}.Release|Any CPU.Build.0 = Release|Any CPU
		{FCB2F5B6-BD8D-4B43-8FAA-C7DE767C3467}.Debug|Any CPU.ActiveCfg = Debug|Any CPU
		{FCB2F5B6-BD8D-4B43-8FAA-C7DE767C3467}.Debug|Any CPU.Build.0 = Debug|Any CPU
		{FCB2F5B6-BD8D-4B43-8FAA-C7DE767C3467}.Release|Any CPU.ActiveCfg = Release|Any CPU
		{FCB2F5B6-BD8D-4B43-8FAA-C7DE767C3467}.Release|Any CPU.Build.0 = Release|Any CPU
		{3853D7F2-6FBA-46DC-9292-A6700BBA0405}.Debug|Any CPU.ActiveCfg = Debug|Any CPU
		{3853D7F2-6FBA-46DC-9292-A6700BBA0405}.Debug|Any CPU.Build.0 = Debug|Any CPU
		{3853D7F2-6FBA-46DC-9292-A6700BBA0405}.Release|Any CPU.ActiveCfg = Release|Any CPU
		{3853D7F2-6FBA-46DC-9292-A6700BBA0405}.Release|Any CPU.Build.0 = Release|Any CPU
		{AE046194-1387-42E4-A8A8-B4A09F237186}.Debug|Any CPU.ActiveCfg = Debug|Any CPU
		{AE046194-1387-42E4-A8A8-B4A09F237186}.Debug|Any CPU.Build.0 = Debug|Any CPU
		{AE046194-1387-42E4-A8A8-B4A09F237186}.Release|Any CPU.ActiveCfg = Release|Any CPU
		{AE046194-1387-42E4-A8A8-B4A09F237186}.Release|Any CPU.Build.0 = Release|Any CPU
		{50A361B1-7C3B-4CAC-AB77-BE1871383C53}.Debug|Any CPU.ActiveCfg = Debug|Any CPU
		{50A361B1-7C3B-4CAC-AB77-BE1871383C53}.Debug|Any CPU.Build.0 = Debug|Any CPU
		{50A361B1-7C3B-4CAC-AB77-BE1871383C53}.Release|Any CPU.ActiveCfg = Release|Any CPU
		{50A361B1-7C3B-4CAC-AB77-BE1871383C53}.Release|Any CPU.Build.0 = Release|Any CPU
		{77F56BB7-61F0-4181-9B28-34C77C953C76}.Debug|Any CPU.ActiveCfg = Debug|Any CPU
		{77F56BB7-61F0-4181-9B28-34C77C953C76}.Debug|Any CPU.Build.0 = Debug|Any CPU
		{77F56BB7-61F0-4181-9B28-34C77C953C76}.Release|Any CPU.ActiveCfg = Release|Any CPU
		{77F56BB7-61F0-4181-9B28-34C77C953C76}.Release|Any CPU.Build.0 = Release|Any CPU
		{3A600C92-9811-4A0D-9938-A977FC27741C}.Debug|Any CPU.ActiveCfg = Debug|Any CPU
		{3A600C92-9811-4A0D-9938-A977FC27741C}.Debug|Any CPU.Build.0 = Debug|Any CPU
		{3A600C92-9811-4A0D-9938-A977FC27741C}.Release|Any CPU.ActiveCfg = Release|Any CPU
		{3A600C92-9811-4A0D-9938-A977FC27741C}.Release|Any CPU.Build.0 = Release|Any CPU
		{9A5EA1FB-1D65-40B4-917C-05BC6A86E546}.Debug|Any CPU.ActiveCfg = Debug|Any CPU
		{9A5EA1FB-1D65-40B4-917C-05BC6A86E546}.Debug|Any CPU.Build.0 = Debug|Any CPU
		{9A5EA1FB-1D65-40B4-917C-05BC6A86E546}.Release|Any CPU.ActiveCfg = Release|Any CPU
		{9A5EA1FB-1D65-40B4-917C-05BC6A86E546}.Release|Any CPU.Build.0 = Release|Any CPU
		{D23260E2-D605-4BD9-9E18-7987183C6E81}.Debug|Any CPU.ActiveCfg = Debug|Any CPU
		{D23260E2-D605-4BD9-9E18-7987183C6E81}.Debug|Any CPU.Build.0 = Debug|Any CPU
		{D23260E2-D605-4BD9-9E18-7987183C6E81}.Release|Any CPU.ActiveCfg = Release|Any CPU
		{D23260E2-D605-4BD9-9E18-7987183C6E81}.Release|Any CPU.Build.0 = Release|Any CPU
		{F86FAF2A-4CDB-4969-9AA8-E33F59F8232B}.Debug|Any CPU.ActiveCfg = Debug|Any CPU
		{F86FAF2A-4CDB-4969-9AA8-E33F59F8232B}.Debug|Any CPU.Build.0 = Debug|Any CPU
		{F86FAF2A-4CDB-4969-9AA8-E33F59F8232B}.Release|Any CPU.ActiveCfg = Release|Any CPU
		{F86FAF2A-4CDB-4969-9AA8-E33F59F8232B}.Release|Any CPU.Build.0 = Release|Any CPU
		{05EE1879-7224-456D-89C7-F6534738D66B}.Debug|Any CPU.ActiveCfg = Debug|Any CPU
		{05EE1879-7224-456D-89C7-F6534738D66B}.Debug|Any CPU.Build.0 = Debug|Any CPU
		{05EE1879-7224-456D-89C7-F6534738D66B}.Release|Any CPU.ActiveCfg = Release|Any CPU
		{05EE1879-7224-456D-89C7-F6534738D66B}.Release|Any CPU.Build.0 = Release|Any CPU
		{E6405E38-3336-4653-A229-3F10F96B21DA}.Debug|Any CPU.ActiveCfg = Debug|Any CPU
		{E6405E38-3336-4653-A229-3F10F96B21DA}.Debug|Any CPU.Build.0 = Debug|Any CPU
		{E6405E38-3336-4653-A229-3F10F96B21DA}.Release|Any CPU.ActiveCfg = Release|Any CPU
		{E6405E38-3336-4653-A229-3F10F96B21DA}.Release|Any CPU.Build.0 = Release|Any CPU
		{A948B397-06F7-4DA0-A241-727E2C977592}.Debug|Any CPU.ActiveCfg = Debug|Any CPU
		{A948B397-06F7-4DA0-A241-727E2C977592}.Debug|Any CPU.Build.0 = Debug|Any CPU
		{A948B397-06F7-4DA0-A241-727E2C977592}.Release|Any CPU.ActiveCfg = Release|Any CPU
		{A948B397-06F7-4DA0-A241-727E2C977592}.Release|Any CPU.Build.0 = Release|Any CPU
	EndGlobalSection
	GlobalSection(SolutionProperties) = preSolution
		HideSolutionNode = FALSE
	EndGlobalSection
	GlobalSection(ExtensibilityGlobals) = postSolution
		SolutionGuid = {79D7E4E8-0CCA-4496-91B6-F4795A2F7385}
	EndGlobalSection
EndGlobal
